// !$*UTF8*$!
{
	archiveVersion = 1;
	classes = {
	};
	objectVersion = 56;
	objects = {

/* Begin PBXBuildFile section */
		16EFD4D42B74C2AB008351C5 /* Pharmacin2_0App.swift in Sources */ = {isa = PBXBuildFile; fileRef = 16EFD4D32B74C2AB008351C5 /* Pharmacin2_0App.swift */; };
		16EFD4D62B74C2AB008351C5 /* ContentView.swift in Sources */ = {isa = PBXBuildFile; fileRef = 16EFD4D52B74C2AB008351C5 /* ContentView.swift */; };
		16EFD4D82B74C2AC008351C5 /* Assets.xcassets in Resources */ = {isa = PBXBuildFile; fileRef = 16EFD4D72B74C2AC008351C5 /* Assets.xcassets */; };
		16EFD4DB2B74C2AC008351C5 /* Preview Assets.xcassets in Resources */ = {isa = PBXBuildFile; fileRef = 16EFD4DA2B74C2AC008351C5 /* Preview Assets.xcassets */; };
		16EFD4E62B74C30E008351C5 /* SideBarView.swift in Sources */ = {isa = PBXBuildFile; fileRef = 16EFD4E52B74C30E008351C5 /* SideBarView.swift */; };
		16EFD4E92B74C87E008351C5 /* PlusJakartaSans-Medium.ttf in Resources */ = {isa = PBXBuildFile; fileRef = 16EFD4E82B74C87E008351C5 /* PlusJakartaSans-Medium.ttf */; };
		16EFD4ED2B74C8BB008351C5 /* PlusJakartaSans-Bold.ttf in Resources */ = {isa = PBXBuildFile; fileRef = 16EFD4EC2B74C8BB008351C5 /* PlusJakartaSans-Bold.ttf */; };
		16EFD4EF2B74C8D1008351C5 /* PlusJakartaSans-Regular.ttf in Resources */ = {isa = PBXBuildFile; fileRef = 16EFD4EE2B74C8D1008351C5 /* PlusJakartaSans-Regular.ttf */; };
		16EFD4F22B74C9A0008351C5 /* PlusJakartaSans-SemiBold.ttf in Resources */ = {isa = PBXBuildFile; fileRef = 16EFD4F12B74C9A0008351C5 /* PlusJakartaSans-SemiBold.ttf */; };
		16EFD4F62B74D0E6008351C5 /* ButtonSideBar.swift in Sources */ = {isa = PBXBuildFile; fileRef = 16EFD4F52B74D0E6008351C5 /* ButtonSideBar.swift */; };
		16EFD4F82B74D5E4008351C5 /* DashboardCard.swift in Sources */ = {isa = PBXBuildFile; fileRef = 16EFD4F72B74D5E4008351C5 /* DashboardCard.swift */; };
		16EFD4FA2B74D6A0008351C5 /* ActionButton.swift in Sources */ = {isa = PBXBuildFile; fileRef = 16EFD4F92B74D6A0008351C5 /* ActionButton.swift */; };
		16EFD4FC2B74DDDF008351C5 /* DashboardView.swift in Sources */ = {isa = PBXBuildFile; fileRef = 16EFD4FB2B74DDDF008351C5 /* DashboardView.swift */; };
		16EFD4FF2B74E2E2008351C5 /* PenjualanTerakhirCart.swift in Sources */ = {isa = PBXBuildFile; fileRef = 16EFD4FE2B74E2E2008351C5 /* PenjualanTerakhirCart.swift */; };
		16EFD5012B74E310008351C5 /* InvoiceList.swift in Sources */ = {isa = PBXBuildFile; fileRef = 16EFD5002B74E310008351C5 /* InvoiceList.swift */; };
		16EFD5032B74E4E3008351C5 /* RiwayatKasir.swift in Sources */ = {isa = PBXBuildFile; fileRef = 16EFD5022B74E4E3008351C5 /* RiwayatKasir.swift */; };
		16EFD5052B74E528008351C5 /* RiwayatKasirList.swift in Sources */ = {isa = PBXBuildFile; fileRef = 16EFD5042B74E528008351C5 /* RiwayatKasirList.swift */; };
		16EFD5082B74EA5D008351C5 /* RawatPasienView.swift in Sources */ = {isa = PBXBuildFile; fileRef = 16EFD5072B74EA5D008351C5 /* RawatPasienView.swift */; };
		16EFD50A2B74EA84008351C5 /* RawatPasienList.swift in Sources */ = {isa = PBXBuildFile; fileRef = 16EFD5092B74EA84008351C5 /* RawatPasienList.swift */; };
		16EFD50C2B74ECAB008351C5 /* StatusAntrianBelumDipanggil.swift in Sources */ = {isa = PBXBuildFile; fileRef = 16EFD50B2B74ECAB008351C5 /* StatusAntrianBelumDipanggil.swift */; };
		16EFD50E2B74ED8D008351C5 /* StatusAntrianSudahDipanggil.swift in Sources */ = {isa = PBXBuildFile; fileRef = 16EFD50D2B74ED8D008351C5 /* StatusAntrianSudahDipanggil.swift */; };
		16EFD5102B74F603008351C5 /* RawatPasienPopUp.swift in Sources */ = {isa = PBXBuildFile; fileRef = 16EFD50F2B74F603008351C5 /* RawatPasienPopUp.swift */; };
		16EFD5122B750448008351C5 /* KasirView.swift in Sources */ = {isa = PBXBuildFile; fileRef = 16EFD5112B750448008351C5 /* KasirView.swift */; };
		16EFD5152B7509AC008351C5 /* KasirList.swift in Sources */ = {isa = PBXBuildFile; fileRef = 16EFD5142B7509AC008351C5 /* KasirList.swift */; };
		16EFD5172B750CC6008351C5 /* StatusKasirSudahDibayar.swift in Sources */ = {isa = PBXBuildFile; fileRef = 16EFD5162B750CC6008351C5 /* StatusKasirSudahDibayar.swift */; };
		16EFD5192B750D10008351C5 /* StatusKasirBelumDibayar.swift in Sources */ = {isa = PBXBuildFile; fileRef = 16EFD5182B750D10008351C5 /* StatusKasirBelumDibayar.swift */; };
		16EFD51B2B750E35008351C5 /* DetailKasirView.swift in Sources */ = {isa = PBXBuildFile; fileRef = 16EFD51A2B750E35008351C5 /* DetailKasirView.swift */; };
		16EFD51E2B750FDD008351C5 /* RincianPembayaranHeader.swift in Sources */ = {isa = PBXBuildFile; fileRef = 16EFD51D2B750FDD008351C5 /* RincianPembayaranHeader.swift */; };
		16EFD5202B751C8B008351C5 /* TagihanObatNonRacikanList.swift in Sources */ = {isa = PBXBuildFile; fileRef = 16EFD51F2B751C8B008351C5 /* TagihanObatNonRacikanList.swift */; };
		16EFD5222B751D14008351C5 /* TagihanObatNonRacikanListTable.swift in Sources */ = {isa = PBXBuildFile; fileRef = 16EFD5212B751D14008351C5 /* TagihanObatNonRacikanListTable.swift */; };
		16EFD5242B751E7C008351C5 /* TagihanObatRacikanList.swift in Sources */ = {isa = PBXBuildFile; fileRef = 16EFD5232B751E7C008351C5 /* TagihanObatRacikanList.swift */; };
		16EFD5262B751E85008351C5 /* TagihanObatRacikanListTable.swift in Sources */ = {isa = PBXBuildFile; fileRef = 16EFD5252B751E85008351C5 /* TagihanObatRacikanListTable.swift */; };
		16EFD5282B751EF8008351C5 /* TagihanTindakanPasienList.swift in Sources */ = {isa = PBXBuildFile; fileRef = 16EFD5272B751EF8008351C5 /* TagihanTindakanPasienList.swift */; };
		16EFD52A2B751F06008351C5 /* TagihanPasienListTable.swift in Sources */ = {isa = PBXBuildFile; fileRef = 16EFD5292B751F06008351C5 /* TagihanPasienListTable.swift */; };
		16EFD52C2B7521D7008351C5 /* KasirTambahPenjualanView.swift in Sources */ = {isa = PBXBuildFile; fileRef = 16EFD52B2B7521D7008351C5 /* KasirTambahPenjualanView.swift */; };
		16EFD52F2B752520008351C5 /* TambahPenjualanList.swift in Sources */ = {isa = PBXBuildFile; fileRef = 16EFD52E2B752520008351C5 /* TambahPenjualanList.swift */; };
		16EFD5312B75254D008351C5 /* TambahPenjualanListTable.swift in Sources */ = {isa = PBXBuildFile; fileRef = 16EFD5302B75254D008351C5 /* TambahPenjualanListTable.swift */; };
		16EFD5332B7525D9008351C5 /* TambahPenjualanTable.swift in Sources */ = {isa = PBXBuildFile; fileRef = 16EFD5322B7525D9008351C5 /* TambahPenjualanTable.swift */; };
		16EFD5352B752CB8008351C5 /* KonfirmasiPembayaranPopUp.swift in Sources */ = {isa = PBXBuildFile; fileRef = 16EFD5342B752CB8008351C5 /* KonfirmasiPembayaranPopUp.swift */; };
		16EFD5372B752F23008351C5 /* ApotekPengambilanObatView.swift in Sources */ = {isa = PBXBuildFile; fileRef = 16EFD5362B752F23008351C5 /* ApotekPengambilanObatView.swift */; };
		16EFD53A2B75309E008351C5 /* ApotekList.swift in Sources */ = {isa = PBXBuildFile; fileRef = 16EFD5392B75309E008351C5 /* ApotekList.swift */; };
		16EFD53C2B7530D0008351C5 /* StatusPengambilanObatDiserahkan.swift in Sources */ = {isa = PBXBuildFile; fileRef = 16EFD53B2B7530D0008351C5 /* StatusPengambilanObatDiserahkan.swift */; };
		16EFD53E2B7530E4008351C5 /* StatusPengambilanObatBelumDiserahkan.swift in Sources */ = {isa = PBXBuildFile; fileRef = 16EFD53D2B7530E4008351C5 /* StatusPengambilanObatBelumDiserahkan.swift */; };
		16EFD5402B7533FA008351C5 /* ObatNonRacikanApotek.swift in Sources */ = {isa = PBXBuildFile; fileRef = 16EFD53F2B7533FA008351C5 /* ObatNonRacikanApotek.swift */; };
		16EFD5422B753456008351C5 /* ObatNonRacikanApotekListTable.swift in Sources */ = {isa = PBXBuildFile; fileRef = 16EFD5412B753456008351C5 /* ObatNonRacikanApotekListTable.swift */; };
		16EFD5442B753494008351C5 /* ObatRacikanApotek.swift in Sources */ = {isa = PBXBuildFile; fileRef = 16EFD5432B753494008351C5 /* ObatRacikanApotek.swift */; };
		16EFD5462B7534A3008351C5 /* ObatRacikanApotekListTable.swift in Sources */ = {isa = PBXBuildFile; fileRef = 16EFD5452B7534A3008351C5 /* ObatRacikanApotekListTable.swift */; };
		16EFD5482B75383B008351C5 /* DetailApotekView.swift in Sources */ = {isa = PBXBuildFile; fileRef = 16EFD5472B75383B008351C5 /* DetailApotekView.swift */; };
		16EFD54A2B7539DB008351C5 /* DetailApotekHeader.swift in Sources */ = {isa = PBXBuildFile; fileRef = 16EFD5492B7539DB008351C5 /* DetailApotekHeader.swift */; };
		16EFD54C2B753A84008351C5 /* PopUpPenyerahanObat.swift in Sources */ = {isa = PBXBuildFile; fileRef = 16EFD54B2B753A84008351C5 /* PopUpPenyerahanObat.swift */; };
/* End PBXBuildFile section */

/* Begin PBXFileReference section */
		16EFD4D02B74C2AB008351C5 /* Pharmacin2.0.app */ = {isa = PBXFileReference; explicitFileType = wrapper.application; includeInIndex = 0; path = Pharmacin2.0.app; sourceTree = BUILT_PRODUCTS_DIR; };
		16EFD4D32B74C2AB008351C5 /* Pharmacin2_0App.swift */ = {isa = PBXFileReference; lastKnownFileType = sourcecode.swift; path = Pharmacin2_0App.swift; sourceTree = "<group>"; };
		16EFD4D52B74C2AB008351C5 /* ContentView.swift */ = {isa = PBXFileReference; lastKnownFileType = sourcecode.swift; path = ContentView.swift; sourceTree = "<group>"; };
		16EFD4D72B74C2AC008351C5 /* Assets.xcassets */ = {isa = PBXFileReference; lastKnownFileType = folder.assetcatalog; path = Assets.xcassets; sourceTree = "<group>"; };
		16EFD4DA2B74C2AC008351C5 /* Preview Assets.xcassets */ = {isa = PBXFileReference; lastKnownFileType = folder.assetcatalog; path = "Preview Assets.xcassets"; sourceTree = "<group>"; };
		16EFD4E52B74C30E008351C5 /* SideBarView.swift */ = {isa = PBXFileReference; lastKnownFileType = sourcecode.swift; path = SideBarView.swift; sourceTree = "<group>"; };
		16EFD4E82B74C87E008351C5 /* PlusJakartaSans-Medium.ttf */ = {isa = PBXFileReference; lastKnownFileType = file; path = "PlusJakartaSans-Medium.ttf"; sourceTree = "<group>"; };
		16EFD4EC2B74C8BB008351C5 /* PlusJakartaSans-Bold.ttf */ = {isa = PBXFileReference; lastKnownFileType = file; path = "PlusJakartaSans-Bold.ttf"; sourceTree = "<group>"; };
		16EFD4EE2B74C8D1008351C5 /* PlusJakartaSans-Regular.ttf */ = {isa = PBXFileReference; lastKnownFileType = file; path = "PlusJakartaSans-Regular.ttf"; sourceTree = "<group>"; };
		16EFD4F02B74C8F9008351C5 /* Pharmacin2-0-Info.plist */ = {isa = PBXFileReference; lastKnownFileType = text.plist; path = "Pharmacin2-0-Info.plist"; sourceTree = SOURCE_ROOT; };
		16EFD4F12B74C9A0008351C5 /* PlusJakartaSans-SemiBold.ttf */ = {isa = PBXFileReference; lastKnownFileType = file; path = "PlusJakartaSans-SemiBold.ttf"; sourceTree = "<group>"; };
		16EFD4F52B74D0E6008351C5 /* ButtonSideBar.swift */ = {isa = PBXFileReference; lastKnownFileType = sourcecode.swift; path = ButtonSideBar.swift; sourceTree = "<group>"; };
		16EFD4F72B74D5E4008351C5 /* DashboardCard.swift */ = {isa = PBXFileReference; lastKnownFileType = sourcecode.swift; path = DashboardCard.swift; sourceTree = "<group>"; };
		16EFD4F92B74D6A0008351C5 /* ActionButton.swift */ = {isa = PBXFileReference; lastKnownFileType = sourcecode.swift; path = ActionButton.swift; sourceTree = "<group>"; };
		16EFD4FB2B74DDDF008351C5 /* DashboardView.swift */ = {isa = PBXFileReference; lastKnownFileType = sourcecode.swift; path = DashboardView.swift; sourceTree = "<group>"; };
		16EFD4FE2B74E2E2008351C5 /* PenjualanTerakhirCart.swift */ = {isa = PBXFileReference; lastKnownFileType = sourcecode.swift; path = PenjualanTerakhirCart.swift; sourceTree = "<group>"; };
		16EFD5002B74E310008351C5 /* InvoiceList.swift */ = {isa = PBXFileReference; lastKnownFileType = sourcecode.swift; path = InvoiceList.swift; sourceTree = "<group>"; };
		16EFD5022B74E4E3008351C5 /* RiwayatKasir.swift */ = {isa = PBXFileReference; lastKnownFileType = sourcecode.swift; path = RiwayatKasir.swift; sourceTree = "<group>"; };
		16EFD5042B74E528008351C5 /* RiwayatKasirList.swift */ = {isa = PBXFileReference; lastKnownFileType = sourcecode.swift; path = RiwayatKasirList.swift; sourceTree = "<group>"; };
		16EFD5072B74EA5D008351C5 /* RawatPasienView.swift */ = {isa = PBXFileReference; lastKnownFileType = sourcecode.swift; path = RawatPasienView.swift; sourceTree = "<group>"; };
		16EFD5092B74EA84008351C5 /* RawatPasienList.swift */ = {isa = PBXFileReference; lastKnownFileType = sourcecode.swift; path = RawatPasienList.swift; sourceTree = "<group>"; };
		16EFD50B2B74ECAB008351C5 /* StatusAntrianBelumDipanggil.swift */ = {isa = PBXFileReference; lastKnownFileType = sourcecode.swift; path = StatusAntrianBelumDipanggil.swift; sourceTree = "<group>"; };
		16EFD50D2B74ED8D008351C5 /* StatusAntrianSudahDipanggil.swift */ = {isa = PBXFileReference; lastKnownFileType = sourcecode.swift; path = StatusAntrianSudahDipanggil.swift; sourceTree = "<group>"; };
		16EFD50F2B74F603008351C5 /* RawatPasienPopUp.swift */ = {isa = PBXFileReference; lastKnownFileType = sourcecode.swift; path = RawatPasienPopUp.swift; sourceTree = "<group>"; };
		16EFD5112B750448008351C5 /* KasirView.swift */ = {isa = PBXFileReference; lastKnownFileType = sourcecode.swift; path = KasirView.swift; sourceTree = "<group>"; };
		16EFD5142B7509AC008351C5 /* KasirList.swift */ = {isa = PBXFileReference; lastKnownFileType = sourcecode.swift; path = KasirList.swift; sourceTree = "<group>"; };
		16EFD5162B750CC6008351C5 /* StatusKasirSudahDibayar.swift */ = {isa = PBXFileReference; lastKnownFileType = sourcecode.swift; path = StatusKasirSudahDibayar.swift; sourceTree = "<group>"; };
		16EFD5182B750D10008351C5 /* StatusKasirBelumDibayar.swift */ = {isa = PBXFileReference; lastKnownFileType = sourcecode.swift; path = StatusKasirBelumDibayar.swift; sourceTree = "<group>"; };
		16EFD51A2B750E35008351C5 /* DetailKasirView.swift */ = {isa = PBXFileReference; lastKnownFileType = sourcecode.swift; path = DetailKasirView.swift; sourceTree = "<group>"; };
		16EFD51D2B750FDD008351C5 /* RincianPembayaranHeader.swift */ = {isa = PBXFileReference; lastKnownFileType = sourcecode.swift; path = RincianPembayaranHeader.swift; sourceTree = "<group>"; };
		16EFD51F2B751C8B008351C5 /* TagihanObatNonRacikanList.swift */ = {isa = PBXFileReference; lastKnownFileType = sourcecode.swift; path = TagihanObatNonRacikanList.swift; sourceTree = "<group>"; };
		16EFD5212B751D14008351C5 /* TagihanObatNonRacikanListTable.swift */ = {isa = PBXFileReference; lastKnownFileType = sourcecode.swift; path = TagihanObatNonRacikanListTable.swift; sourceTree = "<group>"; };
		16EFD5232B751E7C008351C5 /* TagihanObatRacikanList.swift */ = {isa = PBXFileReference; lastKnownFileType = sourcecode.swift; path = TagihanObatRacikanList.swift; sourceTree = "<group>"; };
		16EFD5252B751E85008351C5 /* TagihanObatRacikanListTable.swift */ = {isa = PBXFileReference; lastKnownFileType = sourcecode.swift; path = TagihanObatRacikanListTable.swift; sourceTree = "<group>"; };
		16EFD5272B751EF8008351C5 /* TagihanTindakanPasienList.swift */ = {isa = PBXFileReference; lastKnownFileType = sourcecode.swift; path = TagihanTindakanPasienList.swift; sourceTree = "<group>"; };
		16EFD5292B751F06008351C5 /* TagihanPasienListTable.swift */ = {isa = PBXFileReference; lastKnownFileType = sourcecode.swift; path = TagihanPasienListTable.swift; sourceTree = "<group>"; };
		16EFD52B2B7521D7008351C5 /* KasirTambahPenjualanView.swift */ = {isa = PBXFileReference; lastKnownFileType = sourcecode.swift; path = KasirTambahPenjualanView.swift; sourceTree = "<group>"; };
		16EFD52E2B752520008351C5 /* TambahPenjualanList.swift */ = {isa = PBXFileReference; lastKnownFileType = sourcecode.swift; path = TambahPenjualanList.swift; sourceTree = "<group>"; };
		16EFD5302B75254D008351C5 /* TambahPenjualanListTable.swift */ = {isa = PBXFileReference; lastKnownFileType = sourcecode.swift; path = TambahPenjualanListTable.swift; sourceTree = "<group>"; };
		16EFD5322B7525D9008351C5 /* TambahPenjualanTable.swift */ = {isa = PBXFileReference; lastKnownFileType = sourcecode.swift; path = TambahPenjualanTable.swift; sourceTree = "<group>"; };
		16EFD5342B752CB8008351C5 /* KonfirmasiPembayaranPopUp.swift */ = {isa = PBXFileReference; lastKnownFileType = sourcecode.swift; path = KonfirmasiPembayaranPopUp.swift; sourceTree = "<group>"; };
		16EFD5362B752F23008351C5 /* ApotekPengambilanObatView.swift */ = {isa = PBXFileReference; lastKnownFileType = sourcecode.swift; path = ApotekPengambilanObatView.swift; sourceTree = "<group>"; };
		16EFD5392B75309E008351C5 /* ApotekList.swift */ = {isa = PBXFileReference; lastKnownFileType = sourcecode.swift; path = ApotekList.swift; sourceTree = "<group>"; };
		16EFD53B2B7530D0008351C5 /* StatusPengambilanObatDiserahkan.swift */ = {isa = PBXFileReference; lastKnownFileType = sourcecode.swift; path = StatusPengambilanObatDiserahkan.swift; sourceTree = "<group>"; };
		16EFD53D2B7530E4008351C5 /* StatusPengambilanObatBelumDiserahkan.swift */ = {isa = PBXFileReference; lastKnownFileType = sourcecode.swift; path = StatusPengambilanObatBelumDiserahkan.swift; sourceTree = "<group>"; };
		16EFD53F2B7533FA008351C5 /* ObatNonRacikanApotek.swift */ = {isa = PBXFileReference; lastKnownFileType = sourcecode.swift; path = ObatNonRacikanApotek.swift; sourceTree = "<group>"; };
		16EFD5412B753456008351C5 /* ObatNonRacikanApotekListTable.swift */ = {isa = PBXFileReference; lastKnownFileType = sourcecode.swift; path = ObatNonRacikanApotekListTable.swift; sourceTree = "<group>"; };
		16EFD5432B753494008351C5 /* ObatRacikanApotek.swift */ = {isa = PBXFileReference; lastKnownFileType = sourcecode.swift; path = ObatRacikanApotek.swift; sourceTree = "<group>"; };
		16EFD5452B7534A3008351C5 /* ObatRacikanApotekListTable.swift */ = {isa = PBXFileReference; lastKnownFileType = sourcecode.swift; path = ObatRacikanApotekListTable.swift; sourceTree = "<group>"; };
		16EFD5472B75383B008351C5 /* DetailApotekView.swift */ = {isa = PBXFileReference; lastKnownFileType = sourcecode.swift; path = DetailApotekView.swift; sourceTree = "<group>"; };
		16EFD5492B7539DB008351C5 /* DetailApotekHeader.swift */ = {isa = PBXFileReference; lastKnownFileType = sourcecode.swift; path = DetailApotekHeader.swift; sourceTree = "<group>"; };
		16EFD54B2B753A84008351C5 /* PopUpPenyerahanObat.swift */ = {isa = PBXFileReference; lastKnownFileType = sourcecode.swift; path = PopUpPenyerahanObat.swift; sourceTree = "<group>"; };
/* End PBXFileReference section */

/* Begin PBXFrameworksBuildPhase section */
		16EFD4CD2B74C2AB008351C5 /* Frameworks */ = {
			isa = PBXFrameworksBuildPhase;
			buildActionMask = 2147483647;
			files = (
			);
			runOnlyForDeploymentPostprocessing = 0;
		};
/* End PBXFrameworksBuildPhase section */

/* Begin PBXGroup section */
		16EFD4C72B74C2AB008351C5 = {
			isa = PBXGroup;
			children = (
				16EFD4D22B74C2AB008351C5 /* Pharmacin2.0 */,
				16EFD4D12B74C2AB008351C5 /* Products */,
			);
			sourceTree = "<group>";
		};
		16EFD4D12B74C2AB008351C5 /* Products */ = {
			isa = PBXGroup;
			children = (
				16EFD4D02B74C2AB008351C5 /* Pharmacin2.0.app */,
			);
			name = Products;
			sourceTree = "<group>";
		};
		16EFD4D22B74C2AB008351C5 /* Pharmacin2.0 */ = {
			isa = PBXGroup;
			children = (
				16EFD4F02B74C8F9008351C5 /* Pharmacin2-0-Info.plist */,
				16EFD4E72B74C80E008351C5 /* Font */,
				16EFD4E12B74C2D7008351C5 /* Model */,
				16EFD4E22B74C2DB008351C5 /* View */,
				16EFD4E32B74C2DF008351C5 /* ViewModel */,
				16EFD4D32B74C2AB008351C5 /* Pharmacin2_0App.swift */,
				16EFD4D52B74C2AB008351C5 /* ContentView.swift */,
				16EFD4D72B74C2AC008351C5 /* Assets.xcassets */,
				16EFD4D92B74C2AC008351C5 /* Preview Content */,
			);
			path = Pharmacin2.0;
			sourceTree = "<group>";
		};
		16EFD4D92B74C2AC008351C5 /* Preview Content */ = {
			isa = PBXGroup;
			children = (
				16EFD4DA2B74C2AC008351C5 /* Preview Assets.xcassets */,
			);
			path = "Preview Content";
			sourceTree = "<group>";
		};
		16EFD4E12B74C2D7008351C5 /* Model */ = {
			isa = PBXGroup;
			children = (
			);
			path = Model;
			sourceTree = "<group>";
		};
		16EFD4E22B74C2DB008351C5 /* View */ = {
			isa = PBXGroup;
			children = (
				16EFD4E42B74C2FB008351C5 /* Component */,
				16EFD4E52B74C30E008351C5 /* SideBarView.swift */,
				16EFD4FB2B74DDDF008351C5 /* DashboardView.swift */,
				16EFD5072B74EA5D008351C5 /* RawatPasienView.swift */,
				16EFD5112B750448008351C5 /* KasirView.swift */,
				16EFD51A2B750E35008351C5 /* DetailKasirView.swift */,
				16EFD52B2B7521D7008351C5 /* KasirTambahPenjualanView.swift */,
				16EFD5362B752F23008351C5 /* ApotekPengambilanObatView.swift */,
				16EFD5472B75383B008351C5 /* DetailApotekView.swift */,
			);
			path = View;
			sourceTree = "<group>";
		};
		16EFD4E32B74C2DF008351C5 /* ViewModel */ = {
			isa = PBXGroup;
			children = (
			);
			path = ViewModel;
			sourceTree = "<group>";
		};
		16EFD4E42B74C2FB008351C5 /* Component */ = {
			isa = PBXGroup;
			children = (
				16EFD5382B75306D008351C5 /* ApotekPengambilanObatComponent */,
				16EFD52D2B7524F9008351C5 /* KasirTambahPenjualanComponent */,
				16EFD4FD2B74E2B5008351C5 /* DashboardComponent */,
				16EFD5062B74E9D8008351C5 /* RawatPasienComponent */,
				16EFD5132B750962008351C5 /* KasirComponent */,
				16EFD51C2B750FA7008351C5 /* DetailKasirComponent */,
				16EFD4F52B74D0E6008351C5 /* ButtonSideBar.swift */,
				16EFD50D2B74ED8D008351C5 /* StatusAntrianSudahDipanggil.swift */,
				16EFD50B2B74ECAB008351C5 /* StatusAntrianBelumDipanggil.swift */,
				16EFD4F72B74D5E4008351C5 /* DashboardCard.swift */,
				16EFD4F92B74D6A0008351C5 /* ActionButton.swift */,
				16EFD5162B750CC6008351C5 /* StatusKasirSudahDibayar.swift */,
				16EFD5182B750D10008351C5 /* StatusKasirBelumDibayar.swift */,
				16EFD53B2B7530D0008351C5 /* StatusPengambilanObatDiserahkan.swift */,
				16EFD53D2B7530E4008351C5 /* StatusPengambilanObatBelumDiserahkan.swift */,
			);
			path = Component;
			sourceTree = "<group>";
		};
		16EFD4E72B74C80E008351C5 /* Font */ = {
			isa = PBXGroup;
			children = (
				16EFD4E82B74C87E008351C5 /* PlusJakartaSans-Medium.ttf */,
				16EFD4EC2B74C8BB008351C5 /* PlusJakartaSans-Bold.ttf */,
				16EFD4EE2B74C8D1008351C5 /* PlusJakartaSans-Regular.ttf */,
				16EFD4F12B74C9A0008351C5 /* PlusJakartaSans-SemiBold.ttf */,
			);
			path = Font;
			sourceTree = "<group>";
		};
		16EFD4FD2B74E2B5008351C5 /* DashboardComponent */ = {
			isa = PBXGroup;
			children = (
				16EFD4FE2B74E2E2008351C5 /* PenjualanTerakhirCart.swift */,
				16EFD5002B74E310008351C5 /* InvoiceList.swift */,
				16EFD5022B74E4E3008351C5 /* RiwayatKasir.swift */,
				16EFD5042B74E528008351C5 /* RiwayatKasirList.swift */,
			);
			path = DashboardComponent;
			sourceTree = "<group>";
		};
		16EFD5062B74E9D8008351C5 /* RawatPasienComponent */ = {
			isa = PBXGroup;
			children = (
				16EFD5092B74EA84008351C5 /* RawatPasienList.swift */,
				16EFD50F2B74F603008351C5 /* RawatPasienPopUp.swift */,
			);
			path = RawatPasienComponent;
			sourceTree = "<group>";
		};
		16EFD5132B750962008351C5 /* KasirComponent */ = {
			isa = PBXGroup;
			children = (
				16EFD5142B7509AC008351C5 /* KasirList.swift */,
			);
			path = KasirComponent;
			sourceTree = "<group>";
		};
		16EFD51C2B750FA7008351C5 /* DetailKasirComponent */ = {
			isa = PBXGroup;
			children = (
				16EFD51D2B750FDD008351C5 /* RincianPembayaranHeader.swift */,
				16EFD51F2B751C8B008351C5 /* TagihanObatNonRacikanList.swift */,
				16EFD5212B751D14008351C5 /* TagihanObatNonRacikanListTable.swift */,
				16EFD5232B751E7C008351C5 /* TagihanObatRacikanList.swift */,
				16EFD5252B751E85008351C5 /* TagihanObatRacikanListTable.swift */,
				16EFD5272B751EF8008351C5 /* TagihanTindakanPasienList.swift */,
				16EFD5292B751F06008351C5 /* TagihanPasienListTable.swift */,
			);
			path = DetailKasirComponent;
			sourceTree = "<group>";
		};
		16EFD52D2B7524F9008351C5 /* KasirTambahPenjualanComponent */ = {
			isa = PBXGroup;
			children = (
				16EFD52E2B752520008351C5 /* TambahPenjualanList.swift */,
				16EFD5322B7525D9008351C5 /* TambahPenjualanTable.swift */,
				16EFD5302B75254D008351C5 /* TambahPenjualanListTable.swift */,
				16EFD5342B752CB8008351C5 /* KonfirmasiPembayaranPopUp.swift */,
			);
			path = KasirTambahPenjualanComponent;
			sourceTree = "<group>";
		};
		16EFD5382B75306D008351C5 /* ApotekPengambilanObatComponent */ = {
			isa = PBXGroup;
			children = (
				16EFD5392B75309E008351C5 /* ApotekList.swift */,
				16EFD53F2B7533FA008351C5 /* ObatNonRacikanApotek.swift */,
				16EFD5412B753456008351C5 /* ObatNonRacikanApotekListTable.swift */,
				16EFD5432B753494008351C5 /* ObatRacikanApotek.swift */,
				16EFD5452B7534A3008351C5 /* ObatRacikanApotekListTable.swift */,
				16EFD5492B7539DB008351C5 /* DetailApotekHeader.swift */,
				16EFD54B2B753A84008351C5 /* PopUpPenyerahanObat.swift */,
			);
			path = ApotekPengambilanObatComponent;
			sourceTree = "<group>";
		};
/* End PBXGroup section */

/* Begin PBXNativeTarget section */
		16EFD4CF2B74C2AB008351C5 /* Pharmacin2.0 */ = {
			isa = PBXNativeTarget;
			buildConfigurationList = 16EFD4DE2B74C2AC008351C5 /* Build configuration list for PBXNativeTarget "Pharmacin2.0" */;
			buildPhases = (
				16EFD4CC2B74C2AB008351C5 /* Sources */,
				16EFD4CD2B74C2AB008351C5 /* Frameworks */,
				16EFD4CE2B74C2AB008351C5 /* Resources */,
			);
			buildRules = (
			);
			dependencies = (
			);
			name = Pharmacin2.0;
			productName = Pharmacin2.0;
			productReference = 16EFD4D02B74C2AB008351C5 /* Pharmacin2.0.app */;
			productType = "com.apple.product-type.application";
		};
/* End PBXNativeTarget section */

/* Begin PBXProject section */
		16EFD4C82B74C2AB008351C5 /* Project object */ = {
			isa = PBXProject;
			attributes = {
				BuildIndependentTargetsInParallel = 1;
				LastSwiftUpdateCheck = 1500;
				LastUpgradeCheck = 1500;
				TargetAttributes = {
					16EFD4CF2B74C2AB008351C5 = {
						CreatedOnToolsVersion = 15.0;
					};
				};
			};
			buildConfigurationList = 16EFD4CB2B74C2AB008351C5 /* Build configuration list for PBXProject "Pharmacin2.0" */;
			compatibilityVersion = "Xcode 14.0";
			developmentRegion = en;
			hasScannedForEncodings = 0;
			knownRegions = (
				en,
				Base,
			);
			mainGroup = 16EFD4C72B74C2AB008351C5;
			productRefGroup = 16EFD4D12B74C2AB008351C5 /* Products */;
			projectDirPath = "";
			projectRoot = "";
			targets = (
				16EFD4CF2B74C2AB008351C5 /* Pharmacin2.0 */,
			);
		};
/* End PBXProject section */

/* Begin PBXResourcesBuildPhase section */
		16EFD4CE2B74C2AB008351C5 /* Resources */ = {
			isa = PBXResourcesBuildPhase;
			buildActionMask = 2147483647;
			files = (
				16EFD4DB2B74C2AC008351C5 /* Preview Assets.xcassets in Resources */,
				16EFD4F22B74C9A0008351C5 /* PlusJakartaSans-SemiBold.ttf in Resources */,
				16EFD4EF2B74C8D1008351C5 /* PlusJakartaSans-Regular.ttf in Resources */,
				16EFD4ED2B74C8BB008351C5 /* PlusJakartaSans-Bold.ttf in Resources */,
				16EFD4E92B74C87E008351C5 /* PlusJakartaSans-Medium.ttf in Resources */,
				16EFD4D82B74C2AC008351C5 /* Assets.xcassets in Resources */,
			);
			runOnlyForDeploymentPostprocessing = 0;
		};
/* End PBXResourcesBuildPhase section */

/* Begin PBXSourcesBuildPhase section */
		16EFD4CC2B74C2AB008351C5 /* Sources */ = {
			isa = PBXSourcesBuildPhase;
			buildActionMask = 2147483647;
			files = (
				16EFD54A2B7539DB008351C5 /* DetailApotekHeader.swift in Sources */,
				16EFD5372B752F23008351C5 /* ApotekPengambilanObatView.swift in Sources */,
				16EFD52C2B7521D7008351C5 /* KasirTambahPenjualanView.swift in Sources */,
				16EFD5202B751C8B008351C5 /* TagihanObatNonRacikanList.swift in Sources */,
				16EFD5242B751E7C008351C5 /* TagihanObatRacikanList.swift in Sources */,
				16EFD5052B74E528008351C5 /* RiwayatKasirList.swift in Sources */,
				16EFD5282B751EF8008351C5 /* TagihanTindakanPasienList.swift in Sources */,
				16EFD50C2B74ECAB008351C5 /* StatusAntrianBelumDipanggil.swift in Sources */,
				16EFD4FF2B74E2E2008351C5 /* PenjualanTerakhirCart.swift in Sources */,
				16EFD5442B753494008351C5 /* ObatRacikanApotek.swift in Sources */,
				16EFD50A2B74EA84008351C5 /* RawatPasienList.swift in Sources */,
				16EFD5332B7525D9008351C5 /* TambahPenjualanTable.swift in Sources */,
				16EFD5422B753456008351C5 /* ObatNonRacikanApotekListTable.swift in Sources */,
				16EFD5402B7533FA008351C5 /* ObatNonRacikanApotek.swift in Sources */,
				16EFD5102B74F603008351C5 /* RawatPasienPopUp.swift in Sources */,
				16EFD4F62B74D0E6008351C5 /* ButtonSideBar.swift in Sources */,
				16EFD51B2B750E35008351C5 /* DetailKasirView.swift in Sources */,
				16EFD5032B74E4E3008351C5 /* RiwayatKasir.swift in Sources */,
				16EFD5462B7534A3008351C5 /* ObatRacikanApotekListTable.swift in Sources */,
				16EFD53A2B75309E008351C5 /* ApotekList.swift in Sources */,
				16EFD4F82B74D5E4008351C5 /* DashboardCard.swift in Sources */,
				16EFD5312B75254D008351C5 /* TambahPenjualanListTable.swift in Sources */,
				16EFD4E62B74C30E008351C5 /* SideBarView.swift in Sources */,
				16EFD53E2B7530E4008351C5 /* StatusPengambilanObatBelumDiserahkan.swift in Sources */,
				16EFD5352B752CB8008351C5 /* KonfirmasiPembayaranPopUp.swift in Sources */,
				16EFD54C2B753A84008351C5 /* PopUpPenyerahanObat.swift in Sources */,
				16EFD5172B750CC6008351C5 /* StatusKasirSudahDibayar.swift in Sources */,
				16EFD51E2B750FDD008351C5 /* RincianPembayaranHeader.swift in Sources */,
				16EFD5012B74E310008351C5 /* InvoiceList.swift in Sources */,
				16EFD5152B7509AC008351C5 /* KasirList.swift in Sources */,
				16EFD4FC2B74DDDF008351C5 /* DashboardView.swift in Sources */,
				16EFD52F2B752520008351C5 /* TambahPenjualanList.swift in Sources */,
				16EFD50E2B74ED8D008351C5 /* StatusAntrianSudahDipanggil.swift in Sources */,
				16EFD5482B75383B008351C5 /* DetailApotekView.swift in Sources */,
				16EFD52A2B751F06008351C5 /* TagihanPasienListTable.swift in Sources */,
				16EFD4D62B74C2AB008351C5 /* ContentView.swift in Sources */,
				16EFD4D42B74C2AB008351C5 /* Pharmacin2_0App.swift in Sources */,
				16EFD5082B74EA5D008351C5 /* RawatPasienView.swift in Sources */,
				16EFD53C2B7530D0008351C5 /* StatusPengambilanObatDiserahkan.swift in Sources */,
				16EFD5122B750448008351C5 /* KasirView.swift in Sources */,
				16EFD4FA2B74D6A0008351C5 /* ActionButton.swift in Sources */,
				16EFD5262B751E85008351C5 /* TagihanObatRacikanListTable.swift in Sources */,
				16EFD5222B751D14008351C5 /* TagihanObatNonRacikanListTable.swift in Sources */,
				16EFD5192B750D10008351C5 /* StatusKasirBelumDibayar.swift in Sources */,
			);
			runOnlyForDeploymentPostprocessing = 0;
		};
/* End PBXSourcesBuildPhase section */

/* Begin XCBuildConfiguration section */
		16EFD4DC2B74C2AC008351C5 /* Debug */ = {
			isa = XCBuildConfiguration;
			buildSettings = {
				ALWAYS_SEARCH_USER_PATHS = NO;
				ASSETCATALOG_COMPILER_GENERATE_SWIFT_ASSET_SYMBOL_EXTENSIONS = YES;
				CLANG_ANALYZER_NONNULL = YES;
				CLANG_ANALYZER_NUMBER_OBJECT_CONVERSION = YES_AGGRESSIVE;
				CLANG_CXX_LANGUAGE_STANDARD = "gnu++20";
				CLANG_ENABLE_MODULES = YES;
				CLANG_ENABLE_OBJC_ARC = YES;
				CLANG_ENABLE_OBJC_WEAK = YES;
				CLANG_WARN_BLOCK_CAPTURE_AUTORELEASING = YES;
				CLANG_WARN_BOOL_CONVERSION = YES;
				CLANG_WARN_COMMA = YES;
				CLANG_WARN_CONSTANT_CONVERSION = YES;
				CLANG_WARN_DEPRECATED_OBJC_IMPLEMENTATIONS = YES;
				CLANG_WARN_DIRECT_OBJC_ISA_USAGE = YES_ERROR;
				CLANG_WARN_DOCUMENTATION_COMMENTS = YES;
				CLANG_WARN_EMPTY_BODY = YES;
				CLANG_WARN_ENUM_CONVERSION = YES;
				CLANG_WARN_INFINITE_RECURSION = YES;
				CLANG_WARN_INT_CONVERSION = YES;
				CLANG_WARN_NON_LITERAL_NULL_CONVERSION = YES;
				CLANG_WARN_OBJC_IMPLICIT_RETAIN_SELF = YES;
				CLANG_WARN_OBJC_LITERAL_CONVERSION = YES;
				CLANG_WARN_OBJC_ROOT_CLASS = YES_ERROR;
				CLANG_WARN_QUOTED_INCLUDE_IN_FRAMEWORK_HEADER = YES;
				CLANG_WARN_RANGE_LOOP_ANALYSIS = YES;
				CLANG_WARN_STRICT_PROTOTYPES = YES;
				CLANG_WARN_SUSPICIOUS_MOVE = YES;
				CLANG_WARN_UNGUARDED_AVAILABILITY = YES_AGGRESSIVE;
				CLANG_WARN_UNREACHABLE_CODE = YES;
				CLANG_WARN__DUPLICATE_METHOD_MATCH = YES;
				COPY_PHASE_STRIP = NO;
				DEBUG_INFORMATION_FORMAT = dwarf;
				ENABLE_STRICT_OBJC_MSGSEND = YES;
				ENABLE_TESTABILITY = YES;
				ENABLE_USER_SCRIPT_SANDBOXING = YES;
				GCC_C_LANGUAGE_STANDARD = gnu17;
				GCC_DYNAMIC_NO_PIC = NO;
				GCC_NO_COMMON_BLOCKS = YES;
				GCC_OPTIMIZATION_LEVEL = 0;
				GCC_PREPROCESSOR_DEFINITIONS = (
					"DEBUG=1",
					"$(inherited)",
				);
				GCC_WARN_64_TO_32_BIT_CONVERSION = YES;
				GCC_WARN_ABOUT_RETURN_TYPE = YES_ERROR;
				GCC_WARN_UNDECLARED_SELECTOR = YES;
				GCC_WARN_UNINITIALIZED_AUTOS = YES_AGGRESSIVE;
				GCC_WARN_UNUSED_FUNCTION = YES;
				GCC_WARN_UNUSED_VARIABLE = YES;
				IPHONEOS_DEPLOYMENT_TARGET = 17.0;
				LOCALIZATION_PREFERS_STRING_CATALOGS = YES;
				MTL_ENABLE_DEBUG_INFO = INCLUDE_SOURCE;
				MTL_FAST_MATH = YES;
				ONLY_ACTIVE_ARCH = YES;
				SDKROOT = iphoneos;
				SWIFT_ACTIVE_COMPILATION_CONDITIONS = "DEBUG $(inherited)";
				SWIFT_OPTIMIZATION_LEVEL = "-Onone";
			};
			name = Debug;
		};
		16EFD4DD2B74C2AC008351C5 /* Release */ = {
			isa = XCBuildConfiguration;
			buildSettings = {
				ALWAYS_SEARCH_USER_PATHS = NO;
				ASSETCATALOG_COMPILER_GENERATE_SWIFT_ASSET_SYMBOL_EXTENSIONS = YES;
				CLANG_ANALYZER_NONNULL = YES;
				CLANG_ANALYZER_NUMBER_OBJECT_CONVERSION = YES_AGGRESSIVE;
				CLANG_CXX_LANGUAGE_STANDARD = "gnu++20";
				CLANG_ENABLE_MODULES = YES;
				CLANG_ENABLE_OBJC_ARC = YES;
				CLANG_ENABLE_OBJC_WEAK = YES;
				CLANG_WARN_BLOCK_CAPTURE_AUTORELEASING = YES;
				CLANG_WARN_BOOL_CONVERSION = YES;
				CLANG_WARN_COMMA = YES;
				CLANG_WARN_CONSTANT_CONVERSION = YES;
				CLANG_WARN_DEPRECATED_OBJC_IMPLEMENTATIONS = YES;
				CLANG_WARN_DIRECT_OBJC_ISA_USAGE = YES_ERROR;
				CLANG_WARN_DOCUMENTATION_COMMENTS = YES;
				CLANG_WARN_EMPTY_BODY = YES;
				CLANG_WARN_ENUM_CONVERSION = YES;
				CLANG_WARN_INFINITE_RECURSION = YES;
				CLANG_WARN_INT_CONVERSION = YES;
				CLANG_WARN_NON_LITERAL_NULL_CONVERSION = YES;
				CLANG_WARN_OBJC_IMPLICIT_RETAIN_SELF = YES;
				CLANG_WARN_OBJC_LITERAL_CONVERSION = YES;
				CLANG_WARN_OBJC_ROOT_CLASS = YES_ERROR;
				CLANG_WARN_QUOTED_INCLUDE_IN_FRAMEWORK_HEADER = YES;
				CLANG_WARN_RANGE_LOOP_ANALYSIS = YES;
				CLANG_WARN_STRICT_PROTOTYPES = YES;
				CLANG_WARN_SUSPICIOUS_MOVE = YES;
				CLANG_WARN_UNGUARDED_AVAILABILITY = YES_AGGRESSIVE;
				CLANG_WARN_UNREACHABLE_CODE = YES;
				CLANG_WARN__DUPLICATE_METHOD_MATCH = YES;
				COPY_PHASE_STRIP = NO;
				DEBUG_INFORMATION_FORMAT = "dwarf-with-dsym";
				ENABLE_NS_ASSERTIONS = NO;
				ENABLE_STRICT_OBJC_MSGSEND = YES;
				ENABLE_USER_SCRIPT_SANDBOXING = YES;
				GCC_C_LANGUAGE_STANDARD = gnu17;
				GCC_NO_COMMON_BLOCKS = YES;
				GCC_WARN_64_TO_32_BIT_CONVERSION = YES;
				GCC_WARN_ABOUT_RETURN_TYPE = YES_ERROR;
				GCC_WARN_UNDECLARED_SELECTOR = YES;
				GCC_WARN_UNINITIALIZED_AUTOS = YES_AGGRESSIVE;
				GCC_WARN_UNUSED_FUNCTION = YES;
				GCC_WARN_UNUSED_VARIABLE = YES;
				IPHONEOS_DEPLOYMENT_TARGET = 17.0;
				LOCALIZATION_PREFERS_STRING_CATALOGS = YES;
				MTL_ENABLE_DEBUG_INFO = NO;
				MTL_FAST_MATH = YES;
				SDKROOT = iphoneos;
				SWIFT_COMPILATION_MODE = wholemodule;
				VALIDATE_PRODUCT = YES;
			};
			name = Release;
		};
		16EFD4DF2B74C2AC008351C5 /* Debug */ = {
			isa = XCBuildConfiguration;
			buildSettings = {
				ASSETCATALOG_COMPILER_APPICON_NAME = AppIcon;
				ASSETCATALOG_COMPILER_GLOBAL_ACCENT_COLOR_NAME = AccentColor;
				CODE_SIGN_STYLE = Automatic;
				CURRENT_PROJECT_VERSION = 1;
				DEVELOPMENT_ASSET_PATHS = "\"Pharmacin2.0/Preview Content\"";
				DEVELOPMENT_TEAM = A353S377CB;
				ENABLE_PREVIEWS = YES;
				GENERATE_INFOPLIST_FILE = YES;
				INFOPLIST_FILE = "Pharmacin2-0-Info.plist";
				INFOPLIST_KEY_LSApplicationCategoryType = "";
				INFOPLIST_KEY_UIApplicationSceneManifest_Generation = YES;
				INFOPLIST_KEY_UIApplicationSupportsIndirectInputEvents = YES;
				INFOPLIST_KEY_UILaunchScreen_Generation = YES;
				INFOPLIST_KEY_UISupportedInterfaceOrientations_iPad = "UIInterfaceOrientationLandscapeLeft UIInterfaceOrientationLandscapeRight";
				LD_RUNPATH_SEARCH_PATHS = (
					"$(inherited)",
					"@executable_path/Frameworks",
				);
				MARKETING_VERSION = 1.0;
				PRODUCT_BUNDLE_IDENTIFIER = "devin.Pharmacin2-0";
				PRODUCT_NAME = "$(TARGET_NAME)";
				SWIFT_EMIT_LOC_STRINGS = YES;
				SWIFT_VERSION = 5.0;
				TARGETED_DEVICE_FAMILY = "1,2";
			};
			name = Debug;
		};
		16EFD4E02B74C2AC008351C5 /* Release */ = {
			isa = XCBuildConfiguration;
			buildSettings = {
				ASSETCATALOG_COMPILER_APPICON_NAME = AppIcon;
				ASSETCATALOG_COMPILER_GLOBAL_ACCENT_COLOR_NAME = AccentColor;
				CODE_SIGN_STYLE = Automatic;
				CURRENT_PROJECT_VERSION = 1;
				DEVELOPMENT_ASSET_PATHS = "\"Pharmacin2.0/Preview Content\"";
				DEVELOPMENT_TEAM = A353S377CB;
				ENABLE_PREVIEWS = YES;
				GENERATE_INFOPLIST_FILE = YES;
				INFOPLIST_FILE = "Pharmacin2-0-Info.plist";
				INFOPLIST_KEY_LSApplicationCategoryType = "";
				INFOPLIST_KEY_UIApplicationSceneManifest_Generation = YES;
				INFOPLIST_KEY_UIApplicationSupportsIndirectInputEvents = YES;
				INFOPLIST_KEY_UILaunchScreen_Generation = YES;
				INFOPLIST_KEY_UISupportedInterfaceOrientations_iPad = "UIInterfaceOrientationLandscapeLeft UIInterfaceOrientationLandscapeRight";
				LD_RUNPATH_SEARCH_PATHS = (
					"$(inherited)",
					"@executable_path/Frameworks",
				);
				MARKETING_VERSION = 1.0;
				PRODUCT_BUNDLE_IDENTIFIER = "devin.Pharmacin2-0";
				PRODUCT_NAME = "$(TARGET_NAME)";
				SWIFT_EMIT_LOC_STRINGS = YES;
				SWIFT_VERSION = 5.0;
				TARGETED_DEVICE_FAMILY = "1,2";
			};
			name = Release;
		};
/* End XCBuildConfiguration section */

/* Begin XCConfigurationList section */
		16EFD4CB2B74C2AB008351C5 /* Build configuration list for PBXProject "Pharmacin2.0" */ = {
			isa = XCConfigurationList;
			buildConfigurations = (
				16EFD4DC2B74C2AC008351C5 /* Debug */,
				16EFD4DD2B74C2AC008351C5 /* Release */,
			);
			defaultConfigurationIsVisible = 0;
			defaultConfigurationName = Release;
		};
		16EFD4DE2B74C2AC008351C5 /* Build configuration list for PBXNativeTarget "Pharmacin2.0" */ = {
			isa = XCConfigurationList;
			buildConfigurations = (
				16EFD4DF2B74C2AC008351C5 /* Debug */,
				16EFD4E02B74C2AC008351C5 /* Release */,
			);
			defaultConfigurationIsVisible = 0;
			defaultConfigurationName = Release;
		};
/* End XCConfigurationList section */
	};
	rootObject = 16EFD4C82B74C2AB008351C5 /* Project object */;
}
