// !$*UTF8*$!
{
	archiveVersion = 1;
	classes = {
	};
	objectVersion = 56;
	objects = {

/* Begin PBXBuildFile section */
		16032FB82C593AD80027A401 /* EmptyCellView.swift in Sources */ = {isa = PBXBuildFile; fileRef = 16032FB72C593AD80027A401 /* EmptyCellView.swift */; };
		16DD07702C4AE94400CDFA0C /* ToastManager.swift in Sources */ = {isa = PBXBuildFile; fileRef = 16DD076F2C4AE94400CDFA0C /* ToastManager.swift */; };
		16E980E42C380EE9002089F7 /* DashboardModel.swift in Sources */ = {isa = PBXBuildFile; fileRef = 16E980E32C380EE9002089F7 /* DashboardModel.swift */; };
		16E980E72C380F93002089F7 /* DashboardVM.swift in Sources */ = {isa = PBXBuildFile; fileRef = 16E980E62C380F93002089F7 /* DashboardVM.swift */; };
		16E981BC2C416F59002089F7 /* DropDownMedicine.swift in Sources */ = {isa = PBXBuildFile; fileRef = 16E981BB2C416F59002089F7 /* DropDownMedicine.swift */; };
		16E981BE2C417056002089F7 /* DropDownView.swift in Sources */ = {isa = PBXBuildFile; fileRef = 16E981BD2C417056002089F7 /* DropDownView.swift */; };
		16EFD4D42B74C2AB008351C5 /* Pharmacin2_0App.swift in Sources */ = {isa = PBXBuildFile; fileRef = 16EFD4D32B74C2AB008351C5 /* Pharmacin2_0App.swift */; };
		16EFD4D62B74C2AB008351C5 /* MainViewKaryawan.swift in Sources */ = {isa = PBXBuildFile; fileRef = 16EFD4D52B74C2AB008351C5 /* MainViewKaryawan.swift */; };
		16EFD4D82B74C2AC008351C5 /* Assets.xcassets in Resources */ = {isa = PBXBuildFile; fileRef = 16EFD4D72B74C2AC008351C5 /* Assets.xcassets */; };
		16EFD4DB2B74C2AC008351C5 /* Preview Assets.xcassets in Resources */ = {isa = PBXBuildFile; fileRef = 16EFD4DA2B74C2AC008351C5 /* Preview Assets.xcassets */; };
		16EFD4E62B74C30E008351C5 /* SideBarKaryawanView.swift in Sources */ = {isa = PBXBuildFile; fileRef = 16EFD4E52B74C30E008351C5 /* SideBarKaryawanView.swift */; };
		16EFD4E92B74C87E008351C5 /* PlusJakartaSans-Medium.ttf in Resources */ = {isa = PBXBuildFile; fileRef = 16EFD4E82B74C87E008351C5 /* PlusJakartaSans-Medium.ttf */; };
		16EFD4ED2B74C8BB008351C5 /* PlusJakartaSans-Bold.ttf in Resources */ = {isa = PBXBuildFile; fileRef = 16EFD4EC2B74C8BB008351C5 /* PlusJakartaSans-Bold.ttf */; };
		16EFD4EF2B74C8D1008351C5 /* PlusJakartaSans-Regular.ttf in Resources */ = {isa = PBXBuildFile; fileRef = 16EFD4EE2B74C8D1008351C5 /* PlusJakartaSans-Regular.ttf */; };
		16EFD4F22B74C9A0008351C5 /* PlusJakartaSans-SemiBold.ttf in Resources */ = {isa = PBXBuildFile; fileRef = 16EFD4F12B74C9A0008351C5 /* PlusJakartaSans-SemiBold.ttf */; };
		16EFD4F62B74D0E6008351C5 /* ButtonSideBar.swift in Sources */ = {isa = PBXBuildFile; fileRef = 16EFD4F52B74D0E6008351C5 /* ButtonSideBar.swift */; };
		16EFD4F82B74D5E4008351C5 /* DashboardCard.swift in Sources */ = {isa = PBXBuildFile; fileRef = 16EFD4F72B74D5E4008351C5 /* DashboardCard.swift */; };
		16EFD4FA2B74D6A0008351C5 /* ActionButton.swift in Sources */ = {isa = PBXBuildFile; fileRef = 16EFD4F92B74D6A0008351C5 /* ActionButton.swift */; };
		16EFD4FC2B74DDDF008351C5 /* DashboardView.swift in Sources */ = {isa = PBXBuildFile; fileRef = 16EFD4FB2B74DDDF008351C5 /* DashboardView.swift */; };
		16EFD4FF2B74E2E2008351C5 /* PenjualanTerakhirCart.swift in Sources */ = {isa = PBXBuildFile; fileRef = 16EFD4FE2B74E2E2008351C5 /* PenjualanTerakhirCart.swift */; };
		16EFD5012B74E310008351C5 /* InvoiceList.swift in Sources */ = {isa = PBXBuildFile; fileRef = 16EFD5002B74E310008351C5 /* InvoiceList.swift */; };
		16EFD5032B74E4E3008351C5 /* RiwayatKasir.swift in Sources */ = {isa = PBXBuildFile; fileRef = 16EFD5022B74E4E3008351C5 /* RiwayatKasir.swift */; };
		16EFD5052B74E528008351C5 /* RiwayatKasirList.swift in Sources */ = {isa = PBXBuildFile; fileRef = 16EFD5042B74E528008351C5 /* RiwayatKasirList.swift */; };
		16EFD5082B74EA5D008351C5 /* RawatPasienView.swift in Sources */ = {isa = PBXBuildFile; fileRef = 16EFD5072B74EA5D008351C5 /* RawatPasienView.swift */; };
		16EFD50A2B74EA84008351C5 /* RawatPasienList.swift in Sources */ = {isa = PBXBuildFile; fileRef = 16EFD5092B74EA84008351C5 /* RawatPasienList.swift */; };
		16EFD50C2B74ECAB008351C5 /* StatusAntrianBelumDipanggil.swift in Sources */ = {isa = PBXBuildFile; fileRef = 16EFD50B2B74ECAB008351C5 /* StatusAntrianBelumDipanggil.swift */; };
		16EFD50E2B74ED8D008351C5 /* StatusAntrianSudahDipanggil.swift in Sources */ = {isa = PBXBuildFile; fileRef = 16EFD50D2B74ED8D008351C5 /* StatusAntrianSudahDipanggil.swift */; };
		16EFD5102B74F603008351C5 /* confirmDeletePopUp.swift in Sources */ = {isa = PBXBuildFile; fileRef = 16EFD50F2B74F603008351C5 /* confirmDeletePopUp.swift */; };
		16EFD5122B750448008351C5 /* KasirView.swift in Sources */ = {isa = PBXBuildFile; fileRef = 16EFD5112B750448008351C5 /* KasirView.swift */; };
		16EFD5152B7509AC008351C5 /* KasirList.swift in Sources */ = {isa = PBXBuildFile; fileRef = 16EFD5142B7509AC008351C5 /* KasirList.swift */; };
		16EFD5172B750CC6008351C5 /* StatusKasirSudahDibayar.swift in Sources */ = {isa = PBXBuildFile; fileRef = 16EFD5162B750CC6008351C5 /* StatusKasirSudahDibayar.swift */; };
		16EFD5192B750D10008351C5 /* StatusKasirBelumDibayar.swift in Sources */ = {isa = PBXBuildFile; fileRef = 16EFD5182B750D10008351C5 /* StatusKasirBelumDibayar.swift */; };
		16EFD51B2B750E35008351C5 /* DetailKasirView.swift in Sources */ = {isa = PBXBuildFile; fileRef = 16EFD51A2B750E35008351C5 /* DetailKasirView.swift */; };
		16EFD51E2B750FDD008351C5 /* RincianPembayaranHeader.swift in Sources */ = {isa = PBXBuildFile; fileRef = 16EFD51D2B750FDD008351C5 /* RincianPembayaranHeader.swift */; };
		16EFD5202B751C8B008351C5 /* TagihanObatNonRacikanList.swift in Sources */ = {isa = PBXBuildFile; fileRef = 16EFD51F2B751C8B008351C5 /* TagihanObatNonRacikanList.swift */; };
		16EFD5222B751D14008351C5 /* TagihanObatNonRacikanListTable.swift in Sources */ = {isa = PBXBuildFile; fileRef = 16EFD5212B751D14008351C5 /* TagihanObatNonRacikanListTable.swift */; };
		16EFD5242B751E7C008351C5 /* TagihanObatRacikanList.swift in Sources */ = {isa = PBXBuildFile; fileRef = 16EFD5232B751E7C008351C5 /* TagihanObatRacikanList.swift */; };
		16EFD5262B751E85008351C5 /* TagihanObatRacikanListTable.swift in Sources */ = {isa = PBXBuildFile; fileRef = 16EFD5252B751E85008351C5 /* TagihanObatRacikanListTable.swift */; };
		16EFD5282B751EF8008351C5 /* TagihanTindakanPasienList.swift in Sources */ = {isa = PBXBuildFile; fileRef = 16EFD5272B751EF8008351C5 /* TagihanTindakanPasienList.swift */; };
		16EFD52A2B751F06008351C5 /* TagihanPasienListTable.swift in Sources */ = {isa = PBXBuildFile; fileRef = 16EFD5292B751F06008351C5 /* TagihanPasienListTable.swift */; };
		16EFD52C2B7521D7008351C5 /* KasirTambahPenjualanView.swift in Sources */ = {isa = PBXBuildFile; fileRef = 16EFD52B2B7521D7008351C5 /* KasirTambahPenjualanView.swift */; };
		16EFD52F2B752520008351C5 /* TambahPenjualanList.swift in Sources */ = {isa = PBXBuildFile; fileRef = 16EFD52E2B752520008351C5 /* TambahPenjualanList.swift */; };
		16EFD5332B7525D9008351C5 /* TambahPenjualanTable.swift in Sources */ = {isa = PBXBuildFile; fileRef = 16EFD5322B7525D9008351C5 /* TambahPenjualanTable.swift */; };
		16EFD5352B752CB8008351C5 /* KonfirmasiPembayaranPopUp.swift in Sources */ = {isa = PBXBuildFile; fileRef = 16EFD5342B752CB8008351C5 /* KonfirmasiPembayaranPopUp.swift */; };
		16EFD5372B752F23008351C5 /* ApotekPengambilanObatView.swift in Sources */ = {isa = PBXBuildFile; fileRef = 16EFD5362B752F23008351C5 /* ApotekPengambilanObatView.swift */; };
		16EFD53A2B75309E008351C5 /* ApotekList.swift in Sources */ = {isa = PBXBuildFile; fileRef = 16EFD5392B75309E008351C5 /* ApotekList.swift */; };
		16EFD53C2B7530D0008351C5 /* StatusPengambilanObatDiserahkan.swift in Sources */ = {isa = PBXBuildFile; fileRef = 16EFD53B2B7530D0008351C5 /* StatusPengambilanObatDiserahkan.swift */; };
		16EFD53E2B7530E4008351C5 /* StatusPengambilanObatBelumDiserahkan.swift in Sources */ = {isa = PBXBuildFile; fileRef = 16EFD53D2B7530E4008351C5 /* StatusPengambilanObatBelumDiserahkan.swift */; };
		16EFD5402B7533FA008351C5 /* ObatNonRacikanApotek.swift in Sources */ = {isa = PBXBuildFile; fileRef = 16EFD53F2B7533FA008351C5 /* ObatNonRacikanApotek.swift */; };
		16EFD5422B753456008351C5 /* ObatNonRacikanApotekListTable.swift in Sources */ = {isa = PBXBuildFile; fileRef = 16EFD5412B753456008351C5 /* ObatNonRacikanApotekListTable.swift */; };
		16EFD5442B753494008351C5 /* ObatRacikanApotek.swift in Sources */ = {isa = PBXBuildFile; fileRef = 16EFD5432B753494008351C5 /* ObatRacikanApotek.swift */; };
		16EFD5462B7534A3008351C5 /* ObatRacikanApotekListTable.swift in Sources */ = {isa = PBXBuildFile; fileRef = 16EFD5452B7534A3008351C5 /* ObatRacikanApotekListTable.swift */; };
		16EFD5482B75383B008351C5 /* DetailApotekView.swift in Sources */ = {isa = PBXBuildFile; fileRef = 16EFD5472B75383B008351C5 /* DetailApotekView.swift */; };
		16EFD54A2B7539DB008351C5 /* DetailApotekHeader.swift in Sources */ = {isa = PBXBuildFile; fileRef = 16EFD5492B7539DB008351C5 /* DetailApotekHeader.swift */; };
		16EFD54C2B753A84008351C5 /* PopUpPenyerahanObat.swift in Sources */ = {isa = PBXBuildFile; fileRef = 16EFD54B2B753A84008351C5 /* PopUpPenyerahanObat.swift */; };
		533337602B7FA4F60037B772 /* TambahObatPopUp.swift in Sources */ = {isa = PBXBuildFile; fileRef = 5333375F2B7FA4F60037B772 /* TambahObatPopUp.swift */; };
		533337662B80744B0037B772 /* ObatModel.swift in Sources */ = {isa = PBXBuildFile; fileRef = 533337652B80744B0037B772 /* ObatModel.swift */; };
		533337C12B8648EC0037B772 /* SignInView.swift in Sources */ = {isa = PBXBuildFile; fileRef = 533337C02B8648EC0037B772 /* SignInView.swift */; };
		533938AB2B9202E7003D5781 /* RawatPasienModel.swift in Sources */ = {isa = PBXBuildFile; fileRef = 533938AA2B9202E7003D5781 /* RawatPasienModel.swift */; };
		533938AE2B9206D7003D5781 /* RawatPasienVM.swift in Sources */ = {isa = PBXBuildFile; fileRef = 533938AD2B9206D6003D5781 /* RawatPasienVM.swift */; };
		5353F5C12B9CD48D00CDB275 /* PopUpLogOut.swift in Sources */ = {isa = PBXBuildFile; fileRef = 5353F5C02B9CD48D00CDB275 /* PopUpLogOut.swift */; };
		539525782B9F59130009AF07 /* PopUpDeleteKasir.swift in Sources */ = {isa = PBXBuildFile; fileRef = 539525772B9F59130009AF07 /* PopUpDeleteKasir.swift */; };
		5395257A2B9F5BE00009AF07 /* PopUpDeletePengambilanObat.swift in Sources */ = {isa = PBXBuildFile; fileRef = 539525792B9F5BE00009AF07 /* PopUpDeletePengambilanObat.swift */; };
		53994F7B2B88BE75001BFA2B /* GlobalVariable.swift in Sources */ = {isa = PBXBuildFile; fileRef = 53994F7A2B88BE75001BFA2B /* GlobalVariable.swift */; };
		53994F7D2B88BF1A001BFA2B /* NetworkService.swift in Sources */ = {isa = PBXBuildFile; fileRef = 53994F7C2B88BF1A001BFA2B /* NetworkService.swift */; };
		53994F7F2B88BF50001BFA2B /* ErrorResponse.swift in Sources */ = {isa = PBXBuildFile; fileRef = 53994F7E2B88BF50001BFA2B /* ErrorResponse.swift */; };
		53994F812B88BFDF001BFA2B /* SignInModel.swift in Sources */ = {isa = PBXBuildFile; fileRef = 53994F802B88BFDF001BFA2B /* SignInModel.swift */; };
		53994F832B88C339001BFA2B /* SignInVM.swift in Sources */ = {isa = PBXBuildFile; fileRef = 53994F822B88C339001BFA2B /* SignInVM.swift */; };
		53994F852B89A997001BFA2B /* ErrorResponse2.swift in Sources */ = {isa = PBXBuildFile; fileRef = 53994F842B89A997001BFA2B /* ErrorResponse2.swift */; };
		53994F882B89D16D001BFA2B /* SuccessToast.swift in Sources */ = {isa = PBXBuildFile; fileRef = 53994F872B89D16D001BFA2B /* SuccessToast.swift */; };
		53994F8A2B89D2DB001BFA2B /* FailedToast.swift in Sources */ = {isa = PBXBuildFile; fileRef = 53994F892B89D2DB001BFA2B /* FailedToast.swift */; };
		53994F8D2B89DF24001BFA2B /* MainViewAsistenDokter.swift in Sources */ = {isa = PBXBuildFile; fileRef = 53994F8C2B89DF24001BFA2B /* MainViewAsistenDokter.swift */; };
		53994F8F2B89DFE8001BFA2B /* SideBarAsistenDokterView.swift in Sources */ = {isa = PBXBuildFile; fileRef = 53994F8E2B89DFE8001BFA2B /* SideBarAsistenDokterView.swift */; };
		53994F912B8A1682001BFA2B /* PanggilanPasienPopUp.swift in Sources */ = {isa = PBXBuildFile; fileRef = 53994F902B8A1682001BFA2B /* PanggilanPasienPopUp.swift */; };
		53A207FF2BF85BAC0060A264 /* LogOutVM.swift in Sources */ = {isa = PBXBuildFile; fileRef = 53A207FE2BF85BAC0060A264 /* LogOutVM.swift */; };
		53A6FFCF2BA492830035BC6C /* ContentView.swift in Sources */ = {isa = PBXBuildFile; fileRef = 53A6FFCE2BA492830035BC6C /* ContentView.swift */; };
		53A6FFEC2BA587630035BC6C /* KasirMenungguPembayaranVM.swift in Sources */ = {isa = PBXBuildFile; fileRef = 53A6FFEB2BA587630035BC6C /* KasirMenungguPembayaranVM.swift */; };
		53A6FFEF2BA588F50035BC6C /* AntrianBayarKasirModel.swift in Sources */ = {isa = PBXBuildFile; fileRef = 53A6FFEE2BA588F50035BC6C /* AntrianBayarKasirModel.swift */; };
		53C0E8692BC3A9B7008307EC /* SplashScreenView.swift in Sources */ = {isa = PBXBuildFile; fileRef = 53C0E8682BC3A9B7008307EC /* SplashScreenView.swift */; };
		53C0E86B2BC3B0CF008307EC /* UserDefaultsManager.swift in Sources */ = {isa = PBXBuildFile; fileRef = 53C0E86A2BC3B0CF008307EC /* UserDefaultsManager.swift */; };
		53C2FD6B2BFC7ECA009C019E /* ApotekVM.swift in Sources */ = {isa = PBXBuildFile; fileRef = 53C2FD6A2BFC7ECA009C019E /* ApotekVM.swift */; };
		53C2FD6E2BFC7FAA009C019E /* AntrianPengambilanObatModel.swift in Sources */ = {isa = PBXBuildFile; fileRef = 53C2FD6D2BFC7FAA009C019E /* AntrianPengambilanObatModel.swift */; };
		53C2FD702BFC8888009C019E /* DetailApotekModel.swift in Sources */ = {isa = PBXBuildFile; fileRef = 53C2FD6F2BFC8888009C019E /* DetailApotekModel.swift */; };
		53C2FD722BFC897F009C019E /* DetailApotekVM.swift in Sources */ = {isa = PBXBuildFile; fileRef = 53C2FD712BFC897F009C019E /* DetailApotekVM.swift */; };
		53D934D42BAD6D8700AC55DA /* Extension.swift in Sources */ = {isa = PBXBuildFile; fileRef = 53D934D32BAD6D8700AC55DA /* Extension.swift */; };
		53D934D62BADB3EE00AC55DA /* DetailKasirModel.swift in Sources */ = {isa = PBXBuildFile; fileRef = 53D934D52BADB3EE00AC55DA /* DetailKasirModel.swift */; };
		53D934D82BADB6DD00AC55DA /* DetailKasirVM.swift in Sources */ = {isa = PBXBuildFile; fileRef = 53D934D72BADB6DD00AC55DA /* DetailKasirVM.swift */; };
		53F22FBD2BECCD6400367F81 /* BaseResponse.swift in Sources */ = {isa = PBXBuildFile; fileRef = 53F22FBC2BECCD6400367F81 /* BaseResponse.swift */; };
/* End PBXBuildFile section */

/* Begin PBXFileReference section */
		16032FB72C593AD80027A401 /* EmptyCellView.swift */ = {isa = PBXFileReference; lastKnownFileType = sourcecode.swift; path = EmptyCellView.swift; sourceTree = "<group>"; };
		16DD076F2C4AE94400CDFA0C /* ToastManager.swift */ = {isa = PBXFileReference; lastKnownFileType = sourcecode.swift; path = ToastManager.swift; sourceTree = "<group>"; };
		16E980E32C380EE9002089F7 /* DashboardModel.swift */ = {isa = PBXFileReference; lastKnownFileType = sourcecode.swift; path = DashboardModel.swift; sourceTree = "<group>"; };
		16E980E62C380F93002089F7 /* DashboardVM.swift */ = {isa = PBXFileReference; lastKnownFileType = sourcecode.swift; path = DashboardVM.swift; sourceTree = "<group>"; };
		16E981BB2C416F59002089F7 /* DropDownMedicine.swift */ = {isa = PBXFileReference; lastKnownFileType = sourcecode.swift; path = DropDownMedicine.swift; sourceTree = "<group>"; };
		16E981BD2C417056002089F7 /* DropDownView.swift */ = {isa = PBXFileReference; lastKnownFileType = sourcecode.swift; path = DropDownView.swift; sourceTree = "<group>"; };
		16EFD4D02B74C2AB008351C5 /* Pharmacin2.0.app */ = {isa = PBXFileReference; explicitFileType = wrapper.application; includeInIndex = 0; path = Pharmacin2.0.app; sourceTree = BUILT_PRODUCTS_DIR; };
		16EFD4D32B74C2AB008351C5 /* Pharmacin2_0App.swift */ = {isa = PBXFileReference; lastKnownFileType = sourcecode.swift; path = Pharmacin2_0App.swift; sourceTree = "<group>"; };
		16EFD4D52B74C2AB008351C5 /* MainViewKaryawan.swift */ = {isa = PBXFileReference; lastKnownFileType = sourcecode.swift; path = MainViewKaryawan.swift; sourceTree = "<group>"; };
		16EFD4D72B74C2AC008351C5 /* Assets.xcassets */ = {isa = PBXFileReference; lastKnownFileType = folder.assetcatalog; path = Assets.xcassets; sourceTree = "<group>"; };
		16EFD4DA2B74C2AC008351C5 /* Preview Assets.xcassets */ = {isa = PBXFileReference; lastKnownFileType = folder.assetcatalog; path = "Preview Assets.xcassets"; sourceTree = "<group>"; };
		16EFD4E52B74C30E008351C5 /* SideBarKaryawanView.swift */ = {isa = PBXFileReference; lastKnownFileType = sourcecode.swift; path = SideBarKaryawanView.swift; sourceTree = "<group>"; };
		16EFD4E82B74C87E008351C5 /* PlusJakartaSans-Medium.ttf */ = {isa = PBXFileReference; lastKnownFileType = file; path = "PlusJakartaSans-Medium.ttf"; sourceTree = "<group>"; };
		16EFD4EC2B74C8BB008351C5 /* PlusJakartaSans-Bold.ttf */ = {isa = PBXFileReference; lastKnownFileType = file; path = "PlusJakartaSans-Bold.ttf"; sourceTree = "<group>"; };
		16EFD4EE2B74C8D1008351C5 /* PlusJakartaSans-Regular.ttf */ = {isa = PBXFileReference; lastKnownFileType = file; path = "PlusJakartaSans-Regular.ttf"; sourceTree = "<group>"; };
		16EFD4F02B74C8F9008351C5 /* Pharmacin2-0-Info.plist */ = {isa = PBXFileReference; lastKnownFileType = text.plist; path = "Pharmacin2-0-Info.plist"; sourceTree = SOURCE_ROOT; };
		16EFD4F12B74C9A0008351C5 /* PlusJakartaSans-SemiBold.ttf */ = {isa = PBXFileReference; lastKnownFileType = file; path = "PlusJakartaSans-SemiBold.ttf"; sourceTree = "<group>"; };
		16EFD4F52B74D0E6008351C5 /* ButtonSideBar.swift */ = {isa = PBXFileReference; lastKnownFileType = sourcecode.swift; path = ButtonSideBar.swift; sourceTree = "<group>"; };
		16EFD4F72B74D5E4008351C5 /* DashboardCard.swift */ = {isa = PBXFileReference; lastKnownFileType = sourcecode.swift; path = DashboardCard.swift; sourceTree = "<group>"; };
		16EFD4F92B74D6A0008351C5 /* ActionButton.swift */ = {isa = PBXFileReference; lastKnownFileType = sourcecode.swift; path = ActionButton.swift; sourceTree = "<group>"; };
		16EFD4FB2B74DDDF008351C5 /* DashboardView.swift */ = {isa = PBXFileReference; lastKnownFileType = sourcecode.swift; path = DashboardView.swift; sourceTree = "<group>"; };
		16EFD4FE2B74E2E2008351C5 /* PenjualanTerakhirCart.swift */ = {isa = PBXFileReference; lastKnownFileType = sourcecode.swift; path = PenjualanTerakhirCart.swift; sourceTree = "<group>"; };
		16EFD5002B74E310008351C5 /* InvoiceList.swift */ = {isa = PBXFileReference; lastKnownFileType = sourcecode.swift; path = InvoiceList.swift; sourceTree = "<group>"; };
		16EFD5022B74E4E3008351C5 /* RiwayatKasir.swift */ = {isa = PBXFileReference; lastKnownFileType = sourcecode.swift; path = RiwayatKasir.swift; sourceTree = "<group>"; };
		16EFD5042B74E528008351C5 /* RiwayatKasirList.swift */ = {isa = PBXFileReference; lastKnownFileType = sourcecode.swift; path = RiwayatKasirList.swift; sourceTree = "<group>"; };
		16EFD5072B74EA5D008351C5 /* RawatPasienView.swift */ = {isa = PBXFileReference; lastKnownFileType = sourcecode.swift; path = RawatPasienView.swift; sourceTree = "<group>"; };
		16EFD5092B74EA84008351C5 /* RawatPasienList.swift */ = {isa = PBXFileReference; lastKnownFileType = sourcecode.swift; path = RawatPasienList.swift; sourceTree = "<group>"; };
		16EFD50B2B74ECAB008351C5 /* StatusAntrianBelumDipanggil.swift */ = {isa = PBXFileReference; lastKnownFileType = sourcecode.swift; path = StatusAntrianBelumDipanggil.swift; sourceTree = "<group>"; };
		16EFD50D2B74ED8D008351C5 /* StatusAntrianSudahDipanggil.swift */ = {isa = PBXFileReference; lastKnownFileType = sourcecode.swift; path = StatusAntrianSudahDipanggil.swift; sourceTree = "<group>"; };
		16EFD50F2B74F603008351C5 /* confirmDeletePopUp.swift */ = {isa = PBXFileReference; lastKnownFileType = sourcecode.swift; path = confirmDeletePopUp.swift; sourceTree = "<group>"; };
		16EFD5112B750448008351C5 /* KasirView.swift */ = {isa = PBXFileReference; lastKnownFileType = sourcecode.swift; path = KasirView.swift; sourceTree = "<group>"; };
		16EFD5142B7509AC008351C5 /* KasirList.swift */ = {isa = PBXFileReference; lastKnownFileType = sourcecode.swift; path = KasirList.swift; sourceTree = "<group>"; };
		16EFD5162B750CC6008351C5 /* StatusKasirSudahDibayar.swift */ = {isa = PBXFileReference; lastKnownFileType = sourcecode.swift; path = StatusKasirSudahDibayar.swift; sourceTree = "<group>"; };
		16EFD5182B750D10008351C5 /* StatusKasirBelumDibayar.swift */ = {isa = PBXFileReference; lastKnownFileType = sourcecode.swift; path = StatusKasirBelumDibayar.swift; sourceTree = "<group>"; };
		16EFD51A2B750E35008351C5 /* DetailKasirView.swift */ = {isa = PBXFileReference; lastKnownFileType = sourcecode.swift; path = DetailKasirView.swift; sourceTree = "<group>"; };
		16EFD51D2B750FDD008351C5 /* RincianPembayaranHeader.swift */ = {isa = PBXFileReference; lastKnownFileType = sourcecode.swift; path = RincianPembayaranHeader.swift; sourceTree = "<group>"; };
		16EFD51F2B751C8B008351C5 /* TagihanObatNonRacikanList.swift */ = {isa = PBXFileReference; lastKnownFileType = sourcecode.swift; path = TagihanObatNonRacikanList.swift; sourceTree = "<group>"; };
		16EFD5212B751D14008351C5 /* TagihanObatNonRacikanListTable.swift */ = {isa = PBXFileReference; lastKnownFileType = sourcecode.swift; path = TagihanObatNonRacikanListTable.swift; sourceTree = "<group>"; };
		16EFD5232B751E7C008351C5 /* TagihanObatRacikanList.swift */ = {isa = PBXFileReference; lastKnownFileType = sourcecode.swift; path = TagihanObatRacikanList.swift; sourceTree = "<group>"; };
		16EFD5252B751E85008351C5 /* TagihanObatRacikanListTable.swift */ = {isa = PBXFileReference; lastKnownFileType = sourcecode.swift; path = TagihanObatRacikanListTable.swift; sourceTree = "<group>"; };
		16EFD5272B751EF8008351C5 /* TagihanTindakanPasienList.swift */ = {isa = PBXFileReference; lastKnownFileType = sourcecode.swift; path = TagihanTindakanPasienList.swift; sourceTree = "<group>"; };
		16EFD5292B751F06008351C5 /* TagihanPasienListTable.swift */ = {isa = PBXFileReference; lastKnownFileType = sourcecode.swift; path = TagihanPasienListTable.swift; sourceTree = "<group>"; };
		16EFD52B2B7521D7008351C5 /* KasirTambahPenjualanView.swift */ = {isa = PBXFileReference; lastKnownFileType = sourcecode.swift; path = KasirTambahPenjualanView.swift; sourceTree = "<group>"; };
		16EFD52E2B752520008351C5 /* TambahPenjualanList.swift */ = {isa = PBXFileReference; lastKnownFileType = sourcecode.swift; path = TambahPenjualanList.swift; sourceTree = "<group>"; };
		16EFD5322B7525D9008351C5 /* TambahPenjualanTable.swift */ = {isa = PBXFileReference; lastKnownFileType = sourcecode.swift; path = TambahPenjualanTable.swift; sourceTree = "<group>"; };
		16EFD5342B752CB8008351C5 /* KonfirmasiPembayaranPopUp.swift */ = {isa = PBXFileReference; lastKnownFileType = sourcecode.swift; path = KonfirmasiPembayaranPopUp.swift; sourceTree = "<group>"; };
		16EFD5362B752F23008351C5 /* ApotekPengambilanObatView.swift */ = {isa = PBXFileReference; lastKnownFileType = sourcecode.swift; path = ApotekPengambilanObatView.swift; sourceTree = "<group>"; };
		16EFD5392B75309E008351C5 /* ApotekList.swift */ = {isa = PBXFileReference; lastKnownFileType = sourcecode.swift; path = ApotekList.swift; sourceTree = "<group>"; };
		16EFD53B2B7530D0008351C5 /* StatusPengambilanObatDiserahkan.swift */ = {isa = PBXFileReference; lastKnownFileType = sourcecode.swift; path = StatusPengambilanObatDiserahkan.swift; sourceTree = "<group>"; };
		16EFD53D2B7530E4008351C5 /* StatusPengambilanObatBelumDiserahkan.swift */ = {isa = PBXFileReference; lastKnownFileType = sourcecode.swift; path = StatusPengambilanObatBelumDiserahkan.swift; sourceTree = "<group>"; };
		16EFD53F2B7533FA008351C5 /* ObatNonRacikanApotek.swift */ = {isa = PBXFileReference; lastKnownFileType = sourcecode.swift; path = ObatNonRacikanApotek.swift; sourceTree = "<group>"; };
		16EFD5412B753456008351C5 /* ObatNonRacikanApotekListTable.swift */ = {isa = PBXFileReference; lastKnownFileType = sourcecode.swift; path = ObatNonRacikanApotekListTable.swift; sourceTree = "<group>"; };
		16EFD5432B753494008351C5 /* ObatRacikanApotek.swift */ = {isa = PBXFileReference; lastKnownFileType = sourcecode.swift; path = ObatRacikanApotek.swift; sourceTree = "<group>"; };
		16EFD5452B7534A3008351C5 /* ObatRacikanApotekListTable.swift */ = {isa = PBXFileReference; lastKnownFileType = sourcecode.swift; path = ObatRacikanApotekListTable.swift; sourceTree = "<group>"; };
		16EFD5472B75383B008351C5 /* DetailApotekView.swift */ = {isa = PBXFileReference; lastKnownFileType = sourcecode.swift; path = DetailApotekView.swift; sourceTree = "<group>"; };
		16EFD5492B7539DB008351C5 /* DetailApotekHeader.swift */ = {isa = PBXFileReference; lastKnownFileType = sourcecode.swift; path = DetailApotekHeader.swift; sourceTree = "<group>"; };
		16EFD54B2B753A84008351C5 /* PopUpPenyerahanObat.swift */ = {isa = PBXFileReference; lastKnownFileType = sourcecode.swift; path = PopUpPenyerahanObat.swift; sourceTree = "<group>"; };
		5333375F2B7FA4F60037B772 /* TambahObatPopUp.swift */ = {isa = PBXFileReference; lastKnownFileType = sourcecode.swift; path = TambahObatPopUp.swift; sourceTree = "<group>"; };
		533337652B80744B0037B772 /* ObatModel.swift */ = {isa = PBXFileReference; lastKnownFileType = sourcecode.swift; path = ObatModel.swift; sourceTree = "<group>"; };
		533337C02B8648EC0037B772 /* SignInView.swift */ = {isa = PBXFileReference; lastKnownFileType = sourcecode.swift; path = SignInView.swift; sourceTree = "<group>"; };
		533938AA2B9202E7003D5781 /* RawatPasienModel.swift */ = {isa = PBXFileReference; lastKnownFileType = sourcecode.swift; path = RawatPasienModel.swift; sourceTree = "<group>"; };
		533938AD2B9206D6003D5781 /* RawatPasienVM.swift */ = {isa = PBXFileReference; lastKnownFileType = sourcecode.swift; path = RawatPasienVM.swift; sourceTree = "<group>"; };
		5353F5C02B9CD48D00CDB275 /* PopUpLogOut.swift */ = {isa = PBXFileReference; lastKnownFileType = sourcecode.swift; path = PopUpLogOut.swift; sourceTree = "<group>"; };
		539525772B9F59130009AF07 /* PopUpDeleteKasir.swift */ = {isa = PBXFileReference; lastKnownFileType = sourcecode.swift; path = PopUpDeleteKasir.swift; sourceTree = "<group>"; };
		539525792B9F5BE00009AF07 /* PopUpDeletePengambilanObat.swift */ = {isa = PBXFileReference; lastKnownFileType = sourcecode.swift; path = PopUpDeletePengambilanObat.swift; sourceTree = "<group>"; };
		53994F7A2B88BE75001BFA2B /* GlobalVariable.swift */ = {isa = PBXFileReference; lastKnownFileType = sourcecode.swift; path = GlobalVariable.swift; sourceTree = "<group>"; };
		53994F7C2B88BF1A001BFA2B /* NetworkService.swift */ = {isa = PBXFileReference; lastKnownFileType = sourcecode.swift; path = NetworkService.swift; sourceTree = "<group>"; };
		53994F7E2B88BF50001BFA2B /* ErrorResponse.swift */ = {isa = PBXFileReference; lastKnownFileType = sourcecode.swift; path = ErrorResponse.swift; sourceTree = "<group>"; };
		53994F802B88BFDF001BFA2B /* SignInModel.swift */ = {isa = PBXFileReference; lastKnownFileType = sourcecode.swift; path = SignInModel.swift; sourceTree = "<group>"; };
		53994F822B88C339001BFA2B /* SignInVM.swift */ = {isa = PBXFileReference; lastKnownFileType = sourcecode.swift; path = SignInVM.swift; sourceTree = "<group>"; };
		53994F842B89A997001BFA2B /* ErrorResponse2.swift */ = {isa = PBXFileReference; lastKnownFileType = sourcecode.swift; path = ErrorResponse2.swift; sourceTree = "<group>"; };
		53994F872B89D16D001BFA2B /* SuccessToast.swift */ = {isa = PBXFileReference; lastKnownFileType = sourcecode.swift; path = SuccessToast.swift; sourceTree = "<group>"; };
		53994F892B89D2DB001BFA2B /* FailedToast.swift */ = {isa = PBXFileReference; lastKnownFileType = sourcecode.swift; path = FailedToast.swift; sourceTree = "<group>"; };
		53994F8C2B89DF24001BFA2B /* MainViewAsistenDokter.swift */ = {isa = PBXFileReference; lastKnownFileType = sourcecode.swift; path = MainViewAsistenDokter.swift; sourceTree = "<group>"; };
		53994F8E2B89DFE8001BFA2B /* SideBarAsistenDokterView.swift */ = {isa = PBXFileReference; lastKnownFileType = sourcecode.swift; path = SideBarAsistenDokterView.swift; sourceTree = "<group>"; };
		53994F902B8A1682001BFA2B /* PanggilanPasienPopUp.swift */ = {isa = PBXFileReference; lastKnownFileType = sourcecode.swift; path = PanggilanPasienPopUp.swift; sourceTree = "<group>"; };
		53A207FE2BF85BAC0060A264 /* LogOutVM.swift */ = {isa = PBXFileReference; lastKnownFileType = sourcecode.swift; path = LogOutVM.swift; sourceTree = "<group>"; };
		53A6FFCE2BA492830035BC6C /* ContentView.swift */ = {isa = PBXFileReference; lastKnownFileType = sourcecode.swift; path = ContentView.swift; sourceTree = "<group>"; };
		53A6FFEB2BA587630035BC6C /* KasirMenungguPembayaranVM.swift */ = {isa = PBXFileReference; lastKnownFileType = sourcecode.swift; path = KasirMenungguPembayaranVM.swift; sourceTree = "<group>"; };
		53A6FFEE2BA588F50035BC6C /* AntrianBayarKasirModel.swift */ = {isa = PBXFileReference; lastKnownFileType = sourcecode.swift; path = AntrianBayarKasirModel.swift; sourceTree = "<group>"; };
		53C0E8682BC3A9B7008307EC /* SplashScreenView.swift */ = {isa = PBXFileReference; lastKnownFileType = sourcecode.swift; path = SplashScreenView.swift; sourceTree = "<group>"; };
		53C0E86A2BC3B0CF008307EC /* UserDefaultsManager.swift */ = {isa = PBXFileReference; lastKnownFileType = sourcecode.swift; path = UserDefaultsManager.swift; sourceTree = "<group>"; };
		53C2FD6A2BFC7ECA009C019E /* ApotekVM.swift */ = {isa = PBXFileReference; lastKnownFileType = sourcecode.swift; path = ApotekVM.swift; sourceTree = "<group>"; };
		53C2FD6D2BFC7FAA009C019E /* AntrianPengambilanObatModel.swift */ = {isa = PBXFileReference; lastKnownFileType = sourcecode.swift; path = AntrianPengambilanObatModel.swift; sourceTree = "<group>"; };
		53C2FD6F2BFC8888009C019E /* DetailApotekModel.swift */ = {isa = PBXFileReference; lastKnownFileType = sourcecode.swift; path = DetailApotekModel.swift; sourceTree = "<group>"; };
		53C2FD712BFC897F009C019E /* DetailApotekVM.swift */ = {isa = PBXFileReference; lastKnownFileType = sourcecode.swift; path = DetailApotekVM.swift; sourceTree = "<group>"; };
		53D934D32BAD6D8700AC55DA /* Extension.swift */ = {isa = PBXFileReference; lastKnownFileType = sourcecode.swift; path = Extension.swift; sourceTree = "<group>"; };
		53D934D52BADB3EE00AC55DA /* DetailKasirModel.swift */ = {isa = PBXFileReference; lastKnownFileType = sourcecode.swift; path = DetailKasirModel.swift; sourceTree = "<group>"; };
		53D934D72BADB6DD00AC55DA /* DetailKasirVM.swift */ = {isa = PBXFileReference; lastKnownFileType = sourcecode.swift; path = DetailKasirVM.swift; sourceTree = "<group>"; };
		53F22FBC2BECCD6400367F81 /* BaseResponse.swift */ = {isa = PBXFileReference; lastKnownFileType = sourcecode.swift; path = BaseResponse.swift; sourceTree = "<group>"; };
/* End PBXFileReference section */

/* Begin PBXFrameworksBuildPhase section */
		16EFD4CD2B74C2AB008351C5 /* Frameworks */ = {
			isa = PBXFrameworksBuildPhase;
			buildActionMask = 2147483647;
			files = (
			);
			runOnlyForDeploymentPostprocessing = 0;
		};
/* End PBXFrameworksBuildPhase section */

/* Begin PBXGroup section */
		16032FB62C593AC00027A401 /* Empty Cell */ = {
			isa = PBXGroup;
			children = (
				16032FB72C593AD80027A401 /* EmptyCellView.swift */,
			);
			path = "Empty Cell";
			sourceTree = "<group>";
		};
		16E980E52C380F88002089F7 /* Dashboard */ = {
			isa = PBXGroup;
			children = (
				16E980E62C380F93002089F7 /* DashboardVM.swift */,
			);
			path = Dashboard;
			sourceTree = "<group>";
		};
		16E981B42C4166D5002089F7 /* Drop Down Medicine */ = {
			isa = PBXGroup;
			children = (
				16E981BB2C416F59002089F7 /* DropDownMedicine.swift */,
				16E981BD2C417056002089F7 /* DropDownView.swift */,
			);
			path = "Drop Down Medicine";
			sourceTree = "<group>";
		};
		16EFD4C72B74C2AB008351C5 = {
			isa = PBXGroup;
			children = (
				16EFD4D22B74C2AB008351C5 /* Pharmacin2.0 */,
				16EFD4D12B74C2AB008351C5 /* Products */,
			);
			sourceTree = "<group>";
		};
		16EFD4D12B74C2AB008351C5 /* Products */ = {
			isa = PBXGroup;
			children = (
				16EFD4D02B74C2AB008351C5 /* Pharmacin2.0.app */,
			);
			name = Products;
			sourceTree = "<group>";
		};
		16EFD4D22B74C2AB008351C5 /* Pharmacin2.0 */ = {
			isa = PBXGroup;
			children = (
				16EFD4F02B74C8F9008351C5 /* Pharmacin2-0-Info.plist */,
				16EFD4E72B74C80E008351C5 /* Font */,
				53994F792B88BE51001BFA2B /* Others */,
				53994F782B88BDC2001BFA2B /* NetworkService */,
				533337642B80742D0037B772 /* ViewModel */,
				533337632B8074290037B772 /* Model */,
				16EFD4E22B74C2DB008351C5 /* View */,
				16EFD4D32B74C2AB008351C5 /* Pharmacin2_0App.swift */,
				16EFD4D52B74C2AB008351C5 /* MainViewKaryawan.swift */,
				53994F8C2B89DF24001BFA2B /* MainViewAsistenDokter.swift */,
				16EFD4D72B74C2AC008351C5 /* Assets.xcassets */,
				16EFD4D92B74C2AC008351C5 /* Preview Content */,
				53A6FFCE2BA492830035BC6C /* ContentView.swift */,
				53C0E8682BC3A9B7008307EC /* SplashScreenView.swift */,
				53C0E86A2BC3B0CF008307EC /* UserDefaultsManager.swift */,
			);
			path = Pharmacin2.0;
			sourceTree = "<group>";
		};
		16EFD4D92B74C2AC008351C5 /* Preview Content */ = {
			isa = PBXGroup;
			children = (
				16EFD4DA2B74C2AC008351C5 /* Preview Assets.xcassets */,
			);
			path = "Preview Content";
			sourceTree = "<group>";
		};
		16EFD4E22B74C2DB008351C5 /* View */ = {
			isa = PBXGroup;
			children = (
				16E981B42C4166D5002089F7 /* Drop Down Medicine */,
				16EFD4E42B74C2FB008351C5 /* Component */,
				16EFD4E52B74C30E008351C5 /* SideBarKaryawanView.swift */,
				53994F8E2B89DFE8001BFA2B /* SideBarAsistenDokterView.swift */,
				16EFD4FB2B74DDDF008351C5 /* DashboardView.swift */,
				16EFD5072B74EA5D008351C5 /* RawatPasienView.swift */,
				16EFD5112B750448008351C5 /* KasirView.swift */,
				16EFD51A2B750E35008351C5 /* DetailKasirView.swift */,
				16EFD52B2B7521D7008351C5 /* KasirTambahPenjualanView.swift */,
				16EFD5362B752F23008351C5 /* ApotekPengambilanObatView.swift */,
				16EFD5472B75383B008351C5 /* DetailApotekView.swift */,
				533337C02B8648EC0037B772 /* SignInView.swift */,
			);
			path = View;
			sourceTree = "<group>";
		};
		16EFD4E42B74C2FB008351C5 /* Component */ = {
			isa = PBXGroup;
			children = (
				5353F5BF2B9CD47400CDB275 /* LogOutComponent */,
				16EFD5382B75306D008351C5 /* ApotekPengambilanObatComponent */,
				16EFD52D2B7524F9008351C5 /* KasirTambahPenjualanComponent */,
				16EFD4FD2B74E2B5008351C5 /* DashboardComponent */,
				16EFD5062B74E9D8008351C5 /* RawatPasienComponent */,
				16EFD5132B750962008351C5 /* KasirComponent */,
				16EFD51C2B750FA7008351C5 /* DetailKasirComponent */,
				16EFD4F52B74D0E6008351C5 /* ButtonSideBar.swift */,
				16EFD50D2B74ED8D008351C5 /* StatusAntrianSudahDipanggil.swift */,
				16EFD50B2B74ECAB008351C5 /* StatusAntrianBelumDipanggil.swift */,
				16EFD4F72B74D5E4008351C5 /* DashboardCard.swift */,
				16EFD4F92B74D6A0008351C5 /* ActionButton.swift */,
				16EFD5162B750CC6008351C5 /* StatusKasirSudahDibayar.swift */,
				16EFD5182B750D10008351C5 /* StatusKasirBelumDibayar.swift */,
				16EFD53B2B7530D0008351C5 /* StatusPengambilanObatDiserahkan.swift */,
				16EFD53D2B7530E4008351C5 /* StatusPengambilanObatBelumDiserahkan.swift */,
			);
			path = Component;
			sourceTree = "<group>";
		};
		16EFD4E72B74C80E008351C5 /* Font */ = {
			isa = PBXGroup;
			children = (
				16EFD4E82B74C87E008351C5 /* PlusJakartaSans-Medium.ttf */,
				16EFD4EC2B74C8BB008351C5 /* PlusJakartaSans-Bold.ttf */,
				16EFD4EE2B74C8D1008351C5 /* PlusJakartaSans-Regular.ttf */,
				16EFD4F12B74C9A0008351C5 /* PlusJakartaSans-SemiBold.ttf */,
			);
			path = Font;
			sourceTree = "<group>";
		};
		16EFD4FD2B74E2B5008351C5 /* DashboardComponent */ = {
			isa = PBXGroup;
			children = (
				16EFD4FE2B74E2E2008351C5 /* PenjualanTerakhirCart.swift */,
				16EFD5002B74E310008351C5 /* InvoiceList.swift */,
				16EFD5022B74E4E3008351C5 /* RiwayatKasir.swift */,
				16EFD5042B74E528008351C5 /* RiwayatKasirList.swift */,
			);
			path = DashboardComponent;
			sourceTree = "<group>";
		};
		16EFD5062B74E9D8008351C5 /* RawatPasienComponent */ = {
			isa = PBXGroup;
			children = (
				16EFD5092B74EA84008351C5 /* RawatPasienList.swift */,
				16EFD50F2B74F603008351C5 /* confirmDeletePopUp.swift */,
				53994F902B8A1682001BFA2B /* PanggilanPasienPopUp.swift */,
			);
			path = RawatPasienComponent;
			sourceTree = "<group>";
		};
		16EFD5132B750962008351C5 /* KasirComponent */ = {
			isa = PBXGroup;
			children = (
				16EFD5142B7509AC008351C5 /* KasirList.swift */,
				539525772B9F59130009AF07 /* PopUpDeleteKasir.swift */,
			);
			path = KasirComponent;
			sourceTree = "<group>";
		};
		16EFD51C2B750FA7008351C5 /* DetailKasirComponent */ = {
			isa = PBXGroup;
			children = (
				16EFD51D2B750FDD008351C5 /* RincianPembayaranHeader.swift */,
				16EFD51F2B751C8B008351C5 /* TagihanObatNonRacikanList.swift */,
				16EFD5212B751D14008351C5 /* TagihanObatNonRacikanListTable.swift */,
				16EFD5232B751E7C008351C5 /* TagihanObatRacikanList.swift */,
				16EFD5252B751E85008351C5 /* TagihanObatRacikanListTable.swift */,
				16EFD5272B751EF8008351C5 /* TagihanTindakanPasienList.swift */,
				16EFD5292B751F06008351C5 /* TagihanPasienListTable.swift */,
			);
			path = DetailKasirComponent;
			sourceTree = "<group>";
		};
		16EFD52D2B7524F9008351C5 /* KasirTambahPenjualanComponent */ = {
			isa = PBXGroup;
			children = (
				16EFD52E2B752520008351C5 /* TambahPenjualanList.swift */,
				16EFD5322B7525D9008351C5 /* TambahPenjualanTable.swift */,
				16EFD5342B752CB8008351C5 /* KonfirmasiPembayaranPopUp.swift */,
				5333375F2B7FA4F60037B772 /* TambahObatPopUp.swift */,
			);
			path = KasirTambahPenjualanComponent;
			sourceTree = "<group>";
		};
		16EFD5382B75306D008351C5 /* ApotekPengambilanObatComponent */ = {
			isa = PBXGroup;
			children = (
				16EFD5392B75309E008351C5 /* ApotekList.swift */,
				16EFD53F2B7533FA008351C5 /* ObatNonRacikanApotek.swift */,
				16EFD5412B753456008351C5 /* ObatNonRacikanApotekListTable.swift */,
				16EFD5432B753494008351C5 /* ObatRacikanApotek.swift */,
				16EFD5452B7534A3008351C5 /* ObatRacikanApotekListTable.swift */,
				16EFD5492B7539DB008351C5 /* DetailApotekHeader.swift */,
				16EFD54B2B753A84008351C5 /* PopUpPenyerahanObat.swift */,
				539525792B9F5BE00009AF07 /* PopUpDeletePengambilanObat.swift */,
			);
			path = ApotekPengambilanObatComponent;
			sourceTree = "<group>";
		};
		533337632B8074290037B772 /* Model */ = {
			isa = PBXGroup;
			children = (
				53C2FD6C2BFC7F78009C019E /* Apotek */,
				53F22FBB2BECCD4300367F81 /* ReusableModel */,
				53A6FFED2BA588760035BC6C /* Kasir */,
				533938A92B92029F003D5781 /* Rawat Pasien */,
				533337652B80744B0037B772 /* ObatModel.swift */,
				53994F802B88BFDF001BFA2B /* SignInModel.swift */,
				16E980E32C380EE9002089F7 /* DashboardModel.swift */,
			);
			path = Model;
			sourceTree = "<group>";
		};
		533337642B80742D0037B772 /* ViewModel */ = {
			isa = PBXGroup;
			children = (
				539525762B9F512E0009AF07 /* Asisten Dokter */,
				539525752B9F51250009AF07 /* Karyawan */,
				53994F822B88C339001BFA2B /* SignInVM.swift */,
				53A207FE2BF85BAC0060A264 /* LogOutVM.swift */,
			);
			path = ViewModel;
			sourceTree = "<group>";
		};
		533938A92B92029F003D5781 /* Rawat Pasien */ = {
			isa = PBXGroup;
			children = (
				533938AA2B9202E7003D5781 /* RawatPasienModel.swift */,
			);
			path = "Rawat Pasien";
			sourceTree = "<group>";
		};
		533938AC2B9206C3003D5781 /* Rawat Pasien */ = {
			isa = PBXGroup;
			children = (
				533938AD2B9206D6003D5781 /* RawatPasienVM.swift */,
			);
			path = "Rawat Pasien";
			sourceTree = "<group>";
		};
		5353F5BF2B9CD47400CDB275 /* LogOutComponent */ = {
			isa = PBXGroup;
			children = (
				5353F5C02B9CD48D00CDB275 /* PopUpLogOut.swift */,
			);
			path = LogOutComponent;
			sourceTree = "<group>";
		};
		539525752B9F51250009AF07 /* Karyawan */ = {
			isa = PBXGroup;
			children = (
				16E980E52C380F88002089F7 /* Dashboard */,
				53C2FD692BFC7EA8009C019E /* Apotek */,
				53A6FFEA2BA587420035BC6C /* Kasir */,
			);
			path = Karyawan;
			sourceTree = "<group>";
		};
		539525762B9F512E0009AF07 /* Asisten Dokter */ = {
			isa = PBXGroup;
			children = (
				533938AC2B9206C3003D5781 /* Rawat Pasien */,
			);
			path = "Asisten Dokter";
			sourceTree = "<group>";
		};
		53994F782B88BDC2001BFA2B /* NetworkService */ = {
			isa = PBXGroup;
			children = (
				53994F7C2B88BF1A001BFA2B /* NetworkService.swift */,
				53994F7E2B88BF50001BFA2B /* ErrorResponse.swift */,
				53994F842B89A997001BFA2B /* ErrorResponse2.swift */,
			);
			path = NetworkService;
			sourceTree = "<group>";
		};
		53994F792B88BE51001BFA2B /* Others */ = {
			isa = PBXGroup;
			children = (
				16032FB62C593AC00027A401 /* Empty Cell */,
				53D934D22BAD6D6C00AC55DA /* Extension */,
				53994F862B89D153001BFA2B /* ShowToast */,
				53994F7A2B88BE75001BFA2B /* GlobalVariable.swift */,
			);
			path = Others;
			sourceTree = "<group>";
		};
		53994F862B89D153001BFA2B /* ShowToast */ = {
			isa = PBXGroup;
			children = (
				53994F872B89D16D001BFA2B /* SuccessToast.swift */,
				53994F892B89D2DB001BFA2B /* FailedToast.swift */,
				16DD076F2C4AE94400CDFA0C /* ToastManager.swift */,
			);
			path = ShowToast;
			sourceTree = "<group>";
		};
		53A6FFEA2BA587420035BC6C /* Kasir */ = {
			isa = PBXGroup;
			children = (
				53A6FFEB2BA587630035BC6C /* KasirMenungguPembayaranVM.swift */,
				53D934D72BADB6DD00AC55DA /* DetailKasirVM.swift */,
			);
			path = Kasir;
			sourceTree = "<group>";
		};
		53A6FFED2BA588760035BC6C /* Kasir */ = {
			isa = PBXGroup;
			children = (
				53A6FFEE2BA588F50035BC6C /* AntrianBayarKasirModel.swift */,
				53D934D52BADB3EE00AC55DA /* DetailKasirModel.swift */,
			);
			path = Kasir;
			sourceTree = "<group>";
		};
		53C2FD692BFC7EA8009C019E /* Apotek */ = {
			isa = PBXGroup;
			children = (
				53C2FD6A2BFC7ECA009C019E /* ApotekVM.swift */,
				53C2FD712BFC897F009C019E /* DetailApotekVM.swift */,
			);
			path = Apotek;
			sourceTree = "<group>";
		};
		53C2FD6C2BFC7F78009C019E /* Apotek */ = {
			isa = PBXGroup;
			children = (
				53C2FD6D2BFC7FAA009C019E /* AntrianPengambilanObatModel.swift */,
				53C2FD6F2BFC8888009C019E /* DetailApotekModel.swift */,
			);
			path = Apotek;
			sourceTree = "<group>";
		};
		53D934D22BAD6D6C00AC55DA /* Extension */ = {
			isa = PBXGroup;
			children = (
				53D934D32BAD6D8700AC55DA /* Extension.swift */,
			);
			path = Extension;
			sourceTree = "<group>";
		};
		53F22FBB2BECCD4300367F81 /* ReusableModel */ = {
			isa = PBXGroup;
			children = (
				53F22FBC2BECCD6400367F81 /* BaseResponse.swift */,
			);
			path = ReusableModel;
			sourceTree = "<group>";
		};
/* End PBXGroup section */

/* Begin PBXNativeTarget section */
		16EFD4CF2B74C2AB008351C5 /* Pharmacin2.0 */ = {
			isa = PBXNativeTarget;
			buildConfigurationList = 16EFD4DE2B74C2AC008351C5 /* Build configuration list for PBXNativeTarget "Pharmacin2.0" */;
			buildPhases = (
				16EFD4CC2B74C2AB008351C5 /* Sources */,
				16EFD4CD2B74C2AB008351C5 /* Frameworks */,
				16EFD4CE2B74C2AB008351C5 /* Resources */,
			);
			buildRules = (
			);
			dependencies = (
			);
			name = Pharmacin2.0;
			packageProductDependencies = (
			);
			productName = Pharmacin2.0;
			productReference = 16EFD4D02B74C2AB008351C5 /* Pharmacin2.0.app */;
			productType = "com.apple.product-type.application";
		};
/* End PBXNativeTarget section */

/* Begin PBXProject section */
		16EFD4C82B74C2AB008351C5 /* Project object */ = {
			isa = PBXProject;
			attributes = {
				BuildIndependentTargetsInParallel = 1;
				LastSwiftUpdateCheck = 1500;
				LastUpgradeCheck = 1500;
				TargetAttributes = {
					16EFD4CF2B74C2AB008351C5 = {
						CreatedOnToolsVersion = 15.0;
					};
				};
			};
			buildConfigurationList = 16EFD4CB2B74C2AB008351C5 /* Build configuration list for PBXProject "Pharmacin2.0" */;
			compatibilityVersion = "Xcode 14.0";
			developmentRegion = en;
			hasScannedForEncodings = 0;
			knownRegions = (
				en,
				Base,
			);
			mainGroup = 16EFD4C72B74C2AB008351C5;
			packageReferences = (
			);
			productRefGroup = 16EFD4D12B74C2AB008351C5 /* Products */;
			projectDirPath = "";
			projectRoot = "";
			targets = (
				16EFD4CF2B74C2AB008351C5 /* Pharmacin2.0 */,
			);
		};
/* End PBXProject section */

/* Begin PBXResourcesBuildPhase section */
		16EFD4CE2B74C2AB008351C5 /* Resources */ = {
			isa = PBXResourcesBuildPhase;
			buildActionMask = 2147483647;
			files = (
				16EFD4DB2B74C2AC008351C5 /* Preview Assets.xcassets in Resources */,
				16EFD4F22B74C9A0008351C5 /* PlusJakartaSans-SemiBold.ttf in Resources */,
				16EFD4EF2B74C8D1008351C5 /* PlusJakartaSans-Regular.ttf in Resources */,
				16EFD4ED2B74C8BB008351C5 /* PlusJakartaSans-Bold.ttf in Resources */,
				16EFD4E92B74C87E008351C5 /* PlusJakartaSans-Medium.ttf in Resources */,
				16EFD4D82B74C2AC008351C5 /* Assets.xcassets in Resources */,
			);
			runOnlyForDeploymentPostprocessing = 0;
		};
/* End PBXResourcesBuildPhase section */

/* Begin PBXSourcesBuildPhase section */
		16EFD4CC2B74C2AB008351C5 /* Sources */ = {
			isa = PBXSourcesBuildPhase;
			buildActionMask = 2147483647;
			files = (
				16EFD54A2B7539DB008351C5 /* DetailApotekHeader.swift in Sources */,
				53994F8F2B89DFE8001BFA2B /* SideBarAsistenDokterView.swift in Sources */,
				533337C12B8648EC0037B772 /* SignInView.swift in Sources */,
				53D934D62BADB3EE00AC55DA /* DetailKasirModel.swift in Sources */,
				53D934D42BAD6D8700AC55DA /* Extension.swift in Sources */,
				16EFD5372B752F23008351C5 /* ApotekPengambilanObatView.swift in Sources */,
				16EFD52C2B7521D7008351C5 /* KasirTambahPenjualanView.swift in Sources */,
				53C0E8692BC3A9B7008307EC /* SplashScreenView.swift in Sources */,
				5353F5C12B9CD48D00CDB275 /* PopUpLogOut.swift in Sources */,
				16EFD5202B751C8B008351C5 /* TagihanObatNonRacikanList.swift in Sources */,
				53C2FD702BFC8888009C019E /* DetailApotekModel.swift in Sources */,
				53994F7F2B88BF50001BFA2B /* ErrorResponse.swift in Sources */,
				16E981BC2C416F59002089F7 /* DropDownMedicine.swift in Sources */,
				16EFD5242B751E7C008351C5 /* TagihanObatRacikanList.swift in Sources */,
				533938AE2B9206D7003D5781 /* RawatPasienVM.swift in Sources */,
				16EFD5052B74E528008351C5 /* RiwayatKasirList.swift in Sources */,
				16EFD5282B751EF8008351C5 /* TagihanTindakanPasienList.swift in Sources */,
				16EFD50C2B74ECAB008351C5 /* StatusAntrianBelumDipanggil.swift in Sources */,
				16EFD4FF2B74E2E2008351C5 /* PenjualanTerakhirCart.swift in Sources */,
				16EFD5442B753494008351C5 /* ObatRacikanApotek.swift in Sources */,
				16EFD50A2B74EA84008351C5 /* RawatPasienList.swift in Sources */,
				16E981BE2C417056002089F7 /* DropDownView.swift in Sources */,
				16EFD5332B7525D9008351C5 /* TambahPenjualanTable.swift in Sources */,
				53994F7D2B88BF1A001BFA2B /* NetworkService.swift in Sources */,
				16EFD5422B753456008351C5 /* ObatNonRacikanApotekListTable.swift in Sources */,
				16EFD5402B7533FA008351C5 /* ObatNonRacikanApotek.swift in Sources */,
				16EFD5102B74F603008351C5 /* confirmDeletePopUp.swift in Sources */,
				16EFD4F62B74D0E6008351C5 /* ButtonSideBar.swift in Sources */,
				16EFD51B2B750E35008351C5 /* DetailKasirView.swift in Sources */,
				16E980E72C380F93002089F7 /* DashboardVM.swift in Sources */,
				16EFD5032B74E4E3008351C5 /* RiwayatKasir.swift in Sources */,
				16EFD5462B7534A3008351C5 /* ObatRacikanApotekListTable.swift in Sources */,
				16EFD53A2B75309E008351C5 /* ApotekList.swift in Sources */,
				53994F882B89D16D001BFA2B /* SuccessToast.swift in Sources */,
				53A207FF2BF85BAC0060A264 /* LogOutVM.swift in Sources */,
				16EFD4F82B74D5E4008351C5 /* DashboardCard.swift in Sources */,
				16EFD4E62B74C30E008351C5 /* SideBarKaryawanView.swift in Sources */,
				53994F912B8A1682001BFA2B /* PanggilanPasienPopUp.swift in Sources */,
				16EFD53E2B7530E4008351C5 /* StatusPengambilanObatBelumDiserahkan.swift in Sources */,
				53D934D82BADB6DD00AC55DA /* DetailKasirVM.swift in Sources */,
				16EFD5352B752CB8008351C5 /* KonfirmasiPembayaranPopUp.swift in Sources */,
				16EFD54C2B753A84008351C5 /* PopUpPenyerahanObat.swift in Sources */,
				53A6FFCF2BA492830035BC6C /* ContentView.swift in Sources */,
				533938AB2B9202E7003D5781 /* RawatPasienModel.swift in Sources */,
				53C2FD722BFC897F009C019E /* DetailApotekVM.swift in Sources */,
				16EFD5172B750CC6008351C5 /* StatusKasirSudahDibayar.swift in Sources */,
				16EFD51E2B750FDD008351C5 /* RincianPembayaranHeader.swift in Sources */,
				53C2FD6E2BFC7FAA009C019E /* AntrianPengambilanObatModel.swift in Sources */,
				53A6FFEC2BA587630035BC6C /* KasirMenungguPembayaranVM.swift in Sources */,
				53C2FD6B2BFC7ECA009C019E /* ApotekVM.swift in Sources */,
				16EFD5012B74E310008351C5 /* InvoiceList.swift in Sources */,
				53994F812B88BFDF001BFA2B /* SignInModel.swift in Sources */,
				16EFD5152B7509AC008351C5 /* KasirList.swift in Sources */,
				16EFD4FC2B74DDDF008351C5 /* DashboardView.swift in Sources */,
				53994F852B89A997001BFA2B /* ErrorResponse2.swift in Sources */,
				5395257A2B9F5BE00009AF07 /* PopUpDeletePengambilanObat.swift in Sources */,
				16EFD52F2B752520008351C5 /* TambahPenjualanList.swift in Sources */,
				53994F8D2B89DF24001BFA2B /* MainViewAsistenDokter.swift in Sources */,
				16EFD50E2B74ED8D008351C5 /* StatusAntrianSudahDipanggil.swift in Sources */,
				16E980E42C380EE9002089F7 /* DashboardModel.swift in Sources */,
				16EFD5482B75383B008351C5 /* DetailApotekView.swift in Sources */,
				16EFD52A2B751F06008351C5 /* TagihanPasienListTable.swift in Sources */,
				53A6FFEF2BA588F50035BC6C /* AntrianBayarKasirModel.swift in Sources */,
				16EFD4D62B74C2AB008351C5 /* MainViewKaryawan.swift in Sources */,
				539525782B9F59130009AF07 /* PopUpDeleteKasir.swift in Sources */,
				533337602B7FA4F60037B772 /* TambahObatPopUp.swift in Sources */,
				16032FB82C593AD80027A401 /* EmptyCellView.swift in Sources */,
				53994F7B2B88BE75001BFA2B /* GlobalVariable.swift in Sources */,
				16DD07702C4AE94400CDFA0C /* ToastManager.swift in Sources */,
				16EFD4D42B74C2AB008351C5 /* Pharmacin2_0App.swift in Sources */,
				53994F8A2B89D2DB001BFA2B /* FailedToast.swift in Sources */,
				16EFD5082B74EA5D008351C5 /* RawatPasienView.swift in Sources */,
				533337662B80744B0037B772 /* ObatModel.swift in Sources */,
				53F22FBD2BECCD6400367F81 /* BaseResponse.swift in Sources */,
				16EFD53C2B7530D0008351C5 /* StatusPengambilanObatDiserahkan.swift in Sources */,
				16EFD5122B750448008351C5 /* KasirView.swift in Sources */,
				16EFD4FA2B74D6A0008351C5 /* ActionButton.swift in Sources */,
				53C0E86B2BC3B0CF008307EC /* UserDefaultsManager.swift in Sources */,
				53994F832B88C339001BFA2B /* SignInVM.swift in Sources */,
				16EFD5262B751E85008351C5 /* TagihanObatRacikanListTable.swift in Sources */,
				16EFD5222B751D14008351C5 /* TagihanObatNonRacikanListTable.swift in Sources */,
				16EFD5192B750D10008351C5 /* StatusKasirBelumDibayar.swift in Sources */,
			);
			runOnlyForDeploymentPostprocessing = 0;
		};
/* End PBXSourcesBuildPhase section */

/* Begin XCBuildConfiguration section */
		16EFD4DC2B74C2AC008351C5 /* Debug */ = {
			isa = XCBuildConfiguration;
			buildSettings = {
				ALWAYS_SEARCH_USER_PATHS = NO;
				ASSETCATALOG_COMPILER_GENERATE_SWIFT_ASSET_SYMBOL_EXTENSIONS = YES;
				CLANG_ANALYZER_NONNULL = YES;
				CLANG_ANALYZER_NUMBER_OBJECT_CONVERSION = YES_AGGRESSIVE;
				CLANG_CXX_LANGUAGE_STANDARD = "gnu++20";
				CLANG_ENABLE_MODULES = YES;
				CLANG_ENABLE_OBJC_ARC = YES;
				CLANG_ENABLE_OBJC_WEAK = YES;
				CLANG_WARN_BLOCK_CAPTURE_AUTORELEASING = YES;
				CLANG_WARN_BOOL_CONVERSION = YES;
				CLANG_WARN_COMMA = YES;
				CLANG_WARN_CONSTANT_CONVERSION = YES;
				CLANG_WARN_DEPRECATED_OBJC_IMPLEMENTATIONS = YES;
				CLANG_WARN_DIRECT_OBJC_ISA_USAGE = YES_ERROR;
				CLANG_WARN_DOCUMENTATION_COMMENTS = YES;
				CLANG_WARN_EMPTY_BODY = YES;
				CLANG_WARN_ENUM_CONVERSION = YES;
				CLANG_WARN_INFINITE_RECURSION = YES;
				CLANG_WARN_INT_CONVERSION = YES;
				CLANG_WARN_NON_LITERAL_NULL_CONVERSION = YES;
				CLANG_WARN_OBJC_IMPLICIT_RETAIN_SELF = YES;
				CLANG_WARN_OBJC_LITERAL_CONVERSION = YES;
				CLANG_WARN_OBJC_ROOT_CLASS = YES_ERROR;
				CLANG_WARN_QUOTED_INCLUDE_IN_FRAMEWORK_HEADER = YES;
				CLANG_WARN_RANGE_LOOP_ANALYSIS = YES;
				CLANG_WARN_STRICT_PROTOTYPES = YES;
				CLANG_WARN_SUSPICIOUS_MOVE = YES;
				CLANG_WARN_UNGUARDED_AVAILABILITY = YES_AGGRESSIVE;
				CLANG_WARN_UNREACHABLE_CODE = YES;
				CLANG_WARN__DUPLICATE_METHOD_MATCH = YES;
				COPY_PHASE_STRIP = NO;
				DEBUG_INFORMATION_FORMAT = dwarf;
				ENABLE_STRICT_OBJC_MSGSEND = YES;
				ENABLE_TESTABILITY = YES;
				ENABLE_USER_SCRIPT_SANDBOXING = YES;
				GCC_C_LANGUAGE_STANDARD = gnu17;
				GCC_DYNAMIC_NO_PIC = NO;
				GCC_NO_COMMON_BLOCKS = YES;
				GCC_OPTIMIZATION_LEVEL = 0;
				GCC_PREPROCESSOR_DEFINITIONS = (
					"DEBUG=1",
					"$(inherited)",
				);
				GCC_WARN_64_TO_32_BIT_CONVERSION = YES;
				GCC_WARN_ABOUT_RETURN_TYPE = YES_ERROR;
				GCC_WARN_UNDECLARED_SELECTOR = YES;
				GCC_WARN_UNINITIALIZED_AUTOS = YES_AGGRESSIVE;
				GCC_WARN_UNUSED_FUNCTION = YES;
				GCC_WARN_UNUSED_VARIABLE = YES;
				IPHONEOS_DEPLOYMENT_TARGET = 14.0;
				LOCALIZATION_PREFERS_STRING_CATALOGS = YES;
				MTL_ENABLE_DEBUG_INFO = INCLUDE_SOURCE;
				MTL_FAST_MATH = YES;
				ONLY_ACTIVE_ARCH = YES;
				SDKROOT = iphoneos;
				SWIFT_ACTIVE_COMPILATION_CONDITIONS = "DEBUG $(inherited)";
				SWIFT_OPTIMIZATION_LEVEL = "-Onone";
			};
			name = Debug;
		};
		16EFD4DD2B74C2AC008351C5 /* Release */ = {
			isa = XCBuildConfiguration;
			buildSettings = {
				ALWAYS_SEARCH_USER_PATHS = NO;
				ASSETCATALOG_COMPILER_GENERATE_SWIFT_ASSET_SYMBOL_EXTENSIONS = YES;
				CLANG_ANALYZER_NONNULL = YES;
				CLANG_ANALYZER_NUMBER_OBJECT_CONVERSION = YES_AGGRESSIVE;
				CLANG_CXX_LANGUAGE_STANDARD = "gnu++20";
				CLANG_ENABLE_MODULES = YES;
				CLANG_ENABLE_OBJC_ARC = YES;
				CLANG_ENABLE_OBJC_WEAK = YES;
				CLANG_WARN_BLOCK_CAPTURE_AUTORELEASING = YES;
				CLANG_WARN_BOOL_CONVERSION = YES;
				CLANG_WARN_COMMA = YES;
				CLANG_WARN_CONSTANT_CONVERSION = YES;
				CLANG_WARN_DEPRECATED_OBJC_IMPLEMENTATIONS = YES;
				CLANG_WARN_DIRECT_OBJC_ISA_USAGE = YES_ERROR;
				CLANG_WARN_DOCUMENTATION_COMMENTS = YES;
				CLANG_WARN_EMPTY_BODY = YES;
				CLANG_WARN_ENUM_CONVERSION = YES;
				CLANG_WARN_INFINITE_RECURSION = YES;
				CLANG_WARN_INT_CONVERSION = YES;
				CLANG_WARN_NON_LITERAL_NULL_CONVERSION = YES;
				CLANG_WARN_OBJC_IMPLICIT_RETAIN_SELF = YES;
				CLANG_WARN_OBJC_LITERAL_CONVERSION = YES;
				CLANG_WARN_OBJC_ROOT_CLASS = YES_ERROR;
				CLANG_WARN_QUOTED_INCLUDE_IN_FRAMEWORK_HEADER = YES;
				CLANG_WARN_RANGE_LOOP_ANALYSIS = YES;
				CLANG_WARN_STRICT_PROTOTYPES = YES;
				CLANG_WARN_SUSPICIOUS_MOVE = YES;
				CLANG_WARN_UNGUARDED_AVAILABILITY = YES_AGGRESSIVE;
				CLANG_WARN_UNREACHABLE_CODE = YES;
				CLANG_WARN__DUPLICATE_METHOD_MATCH = YES;
				COPY_PHASE_STRIP = NO;
				DEBUG_INFORMATION_FORMAT = "dwarf-with-dsym";
				ENABLE_NS_ASSERTIONS = NO;
				ENABLE_STRICT_OBJC_MSGSEND = YES;
				ENABLE_USER_SCRIPT_SANDBOXING = YES;
				GCC_C_LANGUAGE_STANDARD = gnu17;
				GCC_NO_COMMON_BLOCKS = YES;
				GCC_WARN_64_TO_32_BIT_CONVERSION = YES;
				GCC_WARN_ABOUT_RETURN_TYPE = YES_ERROR;
				GCC_WARN_UNDECLARED_SELECTOR = YES;
				GCC_WARN_UNINITIALIZED_AUTOS = YES_AGGRESSIVE;
				GCC_WARN_UNUSED_FUNCTION = YES;
				GCC_WARN_UNUSED_VARIABLE = YES;
				IPHONEOS_DEPLOYMENT_TARGET = 14.0;
				LOCALIZATION_PREFERS_STRING_CATALOGS = YES;
				MTL_ENABLE_DEBUG_INFO = NO;
				MTL_FAST_MATH = YES;
				SDKROOT = iphoneos;
				SWIFT_COMPILATION_MODE = wholemodule;
				VALIDATE_PRODUCT = YES;
			};
			name = Release;
		};
		16EFD4DF2B74C2AC008351C5 /* Debug */ = {
			isa = XCBuildConfiguration;
			buildSettings = {
				ASSETCATALOG_COMPILER_APPICON_NAME = AppIcon;
				ASSETCATALOG_COMPILER_GLOBAL_ACCENT_COLOR_NAME = AccentColor;
				CODE_SIGN_STYLE = Automatic;
				CURRENT_PROJECT_VERSION = 1;
				DEVELOPMENT_ASSET_PATHS = "\"Pharmacin2.0/Preview Content\"";
				DEVELOPMENT_TEAM = A353S377CB;
				ENABLE_PREVIEWS = YES;
				GENERATE_INFOPLIST_FILE = YES;
				INFOPLIST_FILE = "Pharmacin2-0-Info.plist";
				INFOPLIST_KEY_LSApplicationCategoryType = "";
				INFOPLIST_KEY_UIApplicationSceneManifest_Generation = YES;
				INFOPLIST_KEY_UIApplicationSupportsIndirectInputEvents = YES;
				INFOPLIST_KEY_UILaunchScreen_Generation = YES;
				INFOPLIST_KEY_UISupportedInterfaceOrientations_iPad = "UIInterfaceOrientationLandscapeLeft UIInterfaceOrientationLandscapeRight";
				IPHONEOS_DEPLOYMENT_TARGET = 16.4;
				LD_RUNPATH_SEARCH_PATHS = (
					"$(inherited)",
					"@executable_path/Frameworks",
				);
				MARKETING_VERSION = 1.0;
				PRODUCT_BUNDLE_IDENTIFIER = "devin.Pharmacin2-0";
				PRODUCT_NAME = "$(TARGET_NAME)";
				SUPPORTED_PLATFORMS = "iphoneos iphonesimulator";
				SUPPORTS_MACCATALYST = NO;
				SUPPORTS_MAC_DESIGNED_FOR_IPHONE_IPAD = NO;
				SWIFT_EMIT_LOC_STRINGS = YES;
				SWIFT_VERSION = 5.0;
				TARGETED_DEVICE_FAMILY = 2;
			};
			name = Debug;
		};
		16EFD4E02B74C2AC008351C5 /* Release */ = {
			isa = XCBuildConfiguration;
			buildSettings = {
				ASSETCATALOG_COMPILER_APPICON_NAME = AppIcon;
				ASSETCATALOG_COMPILER_GLOBAL_ACCENT_COLOR_NAME = AccentColor;
				CODE_SIGN_STYLE = Automatic;
				CURRENT_PROJECT_VERSION = 1;
				DEVELOPMENT_ASSET_PATHS = "\"Pharmacin2.0/Preview Content\"";
				DEVELOPMENT_TEAM = A353S377CB;
				ENABLE_PREVIEWS = YES;
				GENERATE_INFOPLIST_FILE = YES;
				INFOPLIST_FILE = "Pharmacin2-0-Info.plist";
				INFOPLIST_KEY_LSApplicationCategoryType = "";
				INFOPLIST_KEY_UIApplicationSceneManifest_Generation = YES;
				INFOPLIST_KEY_UIApplicationSupportsIndirectInputEvents = YES;
				INFOPLIST_KEY_UILaunchScreen_Generation = YES;
				INFOPLIST_KEY_UISupportedInterfaceOrientations_iPad = "UIInterfaceOrientationLandscapeLeft UIInterfaceOrientationLandscapeRight";
				IPHONEOS_DEPLOYMENT_TARGET = 16.4;
				LD_RUNPATH_SEARCH_PATHS = (
					"$(inherited)",
					"@executable_path/Frameworks",
				);
				MARKETING_VERSION = 1.0;
				PRODUCT_BUNDLE_IDENTIFIER = "devin.Pharmacin2-0";
				PRODUCT_NAME = "$(TARGET_NAME)";
				SUPPORTED_PLATFORMS = "iphoneos iphonesimulator";
				SUPPORTS_MACCATALYST = NO;
				SUPPORTS_MAC_DESIGNED_FOR_IPHONE_IPAD = NO;
				SWIFT_EMIT_LOC_STRINGS = YES;
				SWIFT_VERSION = 5.0;
				TARGETED_DEVICE_FAMILY = 2;
			};
			name = Release;
		};
/* End XCBuildConfiguration section */

/* Begin XCConfigurationList section */
		16EFD4CB2B74C2AB008351C5 /* Build configuration list for PBXProject "Pharmacin2.0" */ = {
			isa = XCConfigurationList;
			buildConfigurations = (
				16EFD4DC2B74C2AC008351C5 /* Debug */,
				16EFD4DD2B74C2AC008351C5 /* Release */,
			);
			defaultConfigurationIsVisible = 0;
			defaultConfigurationName = Release;
		};
		16EFD4DE2B74C2AC008351C5 /* Build configuration list for PBXNativeTarget "Pharmacin2.0" */ = {
			isa = XCConfigurationList;
			buildConfigurations = (
				16EFD4DF2B74C2AC008351C5 /* Debug */,
				16EFD4E02B74C2AC008351C5 /* Release */,
			);
			defaultConfigurationIsVisible = 0;
			defaultConfigurationName = Release;
		};
/* End XCConfigurationList section */
	};
	rootObject = 16EFD4C82B74C2AB008351C5 /* Project object */;
}
